// !$*UTF8*$!
{
	archiveVersion = 1;
	classes = {
	};
	objectVersion = 54;
	objects = {

/* Begin PBXAggregateTarget section */
		9934FE834D244763837FC218 /* ZERO_CHECK */ = {
			isa = PBXAggregateTarget;
			buildConfigurationList = 963AF5DAE35D4A92913D591A /* Build configuration list for PBXAggregateTarget "ZERO_CHECK" */;
			buildPhases = (
				73A36948E16BEFE14C1521E9 /* Generate CMakeFiles/ZERO_CHECK */,
			);
			dependencies = (
			);
			name = ZERO_CHECK;
			productName = ZERO_CHECK;
		};
		A9B653EE8381414EB44EE220 /* ALL_BUILD */ = {
			isa = PBXAggregateTarget;
			buildConfigurationList = 06464CF430A648F583C97FB4 /* Build configuration list for PBXAggregateTarget "ALL_BUILD" */;
			buildPhases = (
				792CBFA70785E54A1A33F9EA /* Generate CMakeFiles/ALL_BUILD */,
			);
			dependencies = (
				4918E2E0150B414A88A018B9 /* PBXTargetDependency */,
				FC6DBE7C0579424B8CFD84AE /* PBXTargetDependency */,
			);
			name = ALL_BUILD;
			productName = ALL_BUILD;
		};
/* End PBXAggregateTarget section */

/* Begin PBXBuildFile section */
		242A9BB879494C22ACF53054 /* cargame.cpp in Sources */ = {isa = PBXBuildFile; fileRef = A58E8B96A1BB4ABBB7D4753D /* cargame.cpp */; };
		AA42F1782ABB1CA100DA5780 /* ComputerCar.cpp in Sources */ = {isa = PBXBuildFile; fileRef = AA42F1762ABB1CA100DA5780 /* ComputerCar.cpp */; };
		AA51B5D82ABA437A008C0A3C /* PlayersCar.cpp in Sources */ = {isa = PBXBuildFile; fileRef = AA51B5D62ABA437A008C0A3C /* PlayersCar.cpp */; };
		AA51B5DB2ABA54E5008C0A3C /* Potholes.cpp in Sources */ = {isa = PBXBuildFile; fileRef = AA51B5D92ABA54E5008C0A3C /* Potholes.cpp */; };
/* End PBXBuildFile section */

/* Begin PBXContainerItemProxy section */
		76FF26D204C04C0BA86D8419 /* PBXContainerItemProxy */ = {
			isa = PBXContainerItemProxy;
			containerPortal = 71B229F22A994C16B611C3BF /* Project object */;
			proxyType = 1;
			remoteGlobalIDString = CEDC8E10F90A48ABB305D308;
			remoteInfo = carracing;
		};
		8864A7AE8E7D49469505CC73 /* PBXContainerItemProxy */ = {
			isa = PBXContainerItemProxy;
			containerPortal = 71B229F22A994C16B611C3BF /* Project object */;
			proxyType = 1;
			remoteGlobalIDString = 9934FE834D244763837FC218;
			remoteInfo = ZERO_CHECK;
		};
		F2FFA774513A4D768A3C0905 /* PBXContainerItemProxy */ = {
			isa = PBXContainerItemProxy;
			containerPortal = 71B229F22A994C16B611C3BF /* Project object */;
			proxyType = 1;
			remoteGlobalIDString = 9934FE834D244763837FC218;
			remoteInfo = ZERO_CHECK;
		};
/* End PBXContainerItemProxy section */

/* Begin PBXFileReference section */
		074ECDC6D53E406D8964030C /* CMakeLists.txt */ = {isa = PBXFileReference; explicitFileType = sourcecode.text; fileEncoding = 4; lastKnownFileType = text; path = CMakeLists.txt; sourceTree = SOURCE_ROOT; };
		44A8DF5FED274E6397D5711B /* carracing */ = {isa = PBXFileReference; explicitFileType = "compiled.mach-o.executable"; path = carracing; sourceTree = BUILT_PRODUCTS_DIR; };
		97AAC33351EE4D6689442DFD /* CMakeLists.txt */ = {isa = PBXFileReference; explicitFileType = sourcecode.text; fileEncoding = 4; lastKnownFileType = text; path = CMakeLists.txt; sourceTree = SOURCE_ROOT; };
		A58E8B96A1BB4ABBB7D4753D /* cargame.cpp */ = {isa = PBXFileReference; explicitFileType = sourcecode.cpp.cpp; fileEncoding = 4; name = cargame.cpp; path = src/cargame.cpp; sourceTree = SOURCE_ROOT; };
		AA42F1762ABB1CA100DA5780 /* ComputerCar.cpp */ = {isa = PBXFileReference; lastKnownFileType = sourcecode.cpp.cpp; name = ComputerCar.cpp; path = ../../../Desktop/CS6010Project/cs1610game/src/ComputerCar.cpp; sourceTree = "<group>"; };
		AA42F1772ABB1CA100DA5780 /* ComputerCar.hpp */ = {isa = PBXFileReference; lastKnownFileType = sourcecode.cpp.h; name = ComputerCar.hpp; path = ../../../Desktop/CS6010Project/cs1610game/src/ComputerCar.hpp; sourceTree = "<group>"; };
		AA51B5D62ABA437A008C0A3C /* PlayersCar.cpp */ = {isa = PBXFileReference; lastKnownFileType = sourcecode.cpp.cpp; name = PlayersCar.cpp; path = ../../../Desktop/CS6010Project/cs1610game/src/PlayersCar.cpp; sourceTree = "<group>"; };
		AA51B5D72ABA437A008C0A3C /* PlayersCar.hpp */ = {isa = PBXFileReference; lastKnownFileType = sourcecode.cpp.h; name = PlayersCar.hpp; path = ../../../Desktop/CS6010Project/cs1610game/src/PlayersCar.hpp; sourceTree = "<group>"; };
		AA51B5D92ABA54E5008C0A3C /* Potholes.cpp */ = {isa = PBXFileReference; lastKnownFileType = sourcecode.cpp.cpp; name = Potholes.cpp; path = ../../../Desktop/CS6010Project/cs1610game/src/Potholes.cpp; sourceTree = "<group>"; };
		AA51B5DA2ABA54E5008C0A3C /* Potholes.hpp */ = {isa = PBXFileReference; lastKnownFileType = sourcecode.cpp.h; name = Potholes.hpp; path = ../../../Desktop/CS6010Project/cs1610game/src/Potholes.hpp; sourceTree = "<group>"; };
/* End PBXFileReference section */

/* Begin PBXFrameworksBuildPhase section */
		3E0DB2E6118842F7B2C01930 /* Frameworks */ = {
			isa = PBXFrameworksBuildPhase;
			buildActionMask = 2147483647;
			files = (
			);
			runOnlyForDeploymentPostprocessing = 0;
		};
/* End PBXFrameworksBuildPhase section */

/* Begin PBXGroup section */
		16AB8C1ECD7344B9A2741A23 /* Source Files */ = {
			isa = PBXGroup;
			children = (
				A58E8B96A1BB4ABBB7D4753D /* cargame.cpp */,
				AA42F1772ABB1CA100DA5780 /* ComputerCar.hpp */,
				AA42F1762ABB1CA100DA5780 /* ComputerCar.cpp */,
				AA51B5D92ABA54E5008C0A3C /* Potholes.cpp */,
				AA51B5DA2ABA54E5008C0A3C /* Potholes.hpp */,
				AA51B5D62ABA437A008C0A3C /* PlayersCar.cpp */,
				AA51B5D72ABA437A008C0A3C /* PlayersCar.hpp */,
			);
			name = "Source Files";
			sourceTree = "<group>";
		};
		22BEF484B2444D9BADF1EF61 /* ALL_BUILD */ = {
			isa = PBXGroup;
			children = (
				A355975378EC452080FA4D08 /* CMake Rules */,
				97AAC33351EE4D6689442DFD /* CMakeLists.txt */,
			);
			name = ALL_BUILD;
			sourceTree = "<group>";
		};
		2F8B85C577EA4EE5A3856F4A = {
			isa = PBXGroup;
			children = (
				CD3F0C4489B244A58055791B /* carracing */,
				22BEF484B2444D9BADF1EF61 /* ALL_BUILD */,
				F06FE87172C94273B8FE59A6 /* Products */,
				3A4ACE31C3F648899E8477F0 /* Frameworks */,
			);
			sourceTree = "<group>";
		};
		3A4ACE31C3F648899E8477F0 /* Frameworks */ = {
			isa = PBXGroup;
			children = (
			);
			name = Frameworks;
			sourceTree = "<group>";
		};
		A355975378EC452080FA4D08 /* CMake Rules */ = {
			isa = PBXGroup;
			children = (
			);
			name = "CMake Rules";
			sourceTree = "<group>";
		};
		CD3F0C4489B244A58055791B /* carracing */ = {
			isa = PBXGroup;
			children = (
				16AB8C1ECD7344B9A2741A23 /* Source Files */,
				074ECDC6D53E406D8964030C /* CMakeLists.txt */,
			);
			name = carracing;
			sourceTree = "<group>";
		};
		F06FE87172C94273B8FE59A6 /* Products */ = {
			isa = PBXGroup;
			children = (
				44A8DF5FED274E6397D5711B /* carracing */,
			);
			name = Products;
			sourceTree = "<group>";
		};
/* End PBXGroup section */

/* Begin PBXNativeTarget section */
		CEDC8E10F90A48ABB305D308 /* carracing */ = {
			isa = PBXNativeTarget;
			buildConfigurationList = 75FCF5FA9E864CE3A2657A3E /* Build configuration list for PBXNativeTarget "carracing" */;
			buildPhases = (
				B0F9462E325648EB808362B5 /* Sources */,
				3E0DB2E6118842F7B2C01930 /* Frameworks */,
			);
			buildRules = (
			);
			dependencies = (
				F985B88763294AEE9E116C88 /* PBXTargetDependency */,
			);
			name = carracing;
			productName = carracing;
			productReference = 44A8DF5FED274E6397D5711B /* carracing */;
			productType = "com.apple.product-type.tool";
		};
/* End PBXNativeTarget section */

/* Begin PBXProject section */
		71B229F22A994C16B611C3BF /* Project object */ = {
			isa = PBXProject;
			attributes = {
				LastUpgradeCheck = 1430;
			};
			buildConfigurationList = 4062A0A4AB964BBEB8EDB1E3 /* Build configuration list for PBXProject "carracing" */;
			compatibilityVersion = "Xcode 3.2";
			developmentRegion = en;
			hasScannedForEncodings = 0;
			knownRegions = (
				en,
				Base,
			);
			mainGroup = 2F8B85C577EA4EE5A3856F4A;
			projectDirPath = /Users/zachallred/desktop/CS6010Project/cs1610game;
			projectRoot = "";
			targets = (
				A9B653EE8381414EB44EE220 /* ALL_BUILD */,
				9934FE834D244763837FC218 /* ZERO_CHECK */,
				CEDC8E10F90A48ABB305D308 /* carracing */,
			);
		};
/* End PBXProject section */

/* Begin PBXShellScriptBuildPhase section */
		73A36948E16BEFE14C1521E9 /* Generate CMakeFiles/ZERO_CHECK */ = {
			isa = PBXShellScriptBuildPhase;
			alwaysOutOfDate = 1;
			buildActionMask = 2147483647;
			files = (
			);
			inputPaths = (
			);
			name = "Generate CMakeFiles/ZERO_CHECK";
			outputPaths = (
				/Users/zachallred/desktop/CS6010Project/cs1610game/xcode/CMakeFiles/ZERO_CHECK,
			);
			runOnlyForDeploymentPostprocessing = 0;
			shellPath = /bin/sh;
			shellScript = "set -e\nif test \"$CONFIGURATION\" = \"Debug\"; then :\n  cd /Users/zachallred/desktop/CS6010Project/cs1610game/xcode\n  make -f /Users/zachallred/desktop/CS6010Project/cs1610game/xcode/CMakeScripts/ReRunCMake.make\nfi\nif test \"$CONFIGURATION\" = \"Release\"; then :\n  cd /Users/zachallred/desktop/CS6010Project/cs1610game/xcode\n  make -f /Users/zachallred/desktop/CS6010Project/cs1610game/xcode/CMakeScripts/ReRunCMake.make\nfi\nif test \"$CONFIGURATION\" = \"MinSizeRel\"; then :\n  cd /Users/zachallred/desktop/CS6010Project/cs1610game/xcode\n  make -f /Users/zachallred/desktop/CS6010Project/cs1610game/xcode/CMakeScripts/ReRunCMake.make\nfi\nif test \"$CONFIGURATION\" = \"RelWithDebInfo\"; then :\n  cd /Users/zachallred/desktop/CS6010Project/cs1610game/xcode\n  make -f /Users/zachallred/desktop/CS6010Project/cs1610game/xcode/CMakeScripts/ReRunCMake.make\nfi\n";
			showEnvVarsInLog = 0;
		};
		792CBFA70785E54A1A33F9EA /* Generate CMakeFiles/ALL_BUILD */ = {
			isa = PBXShellScriptBuildPhase;
			alwaysOutOfDate = 1;
			buildActionMask = 2147483647;
			files = (
			);
			inputPaths = (
			);
			name = "Generate CMakeFiles/ALL_BUILD";
			outputPaths = (
				/Users/zachallred/desktop/CS6010Project/cs1610game/xcode/CMakeFiles/ALL_BUILD,
			);
			runOnlyForDeploymentPostprocessing = 0;
			shellPath = /bin/sh;
			shellScript = "set -e\nif test \"$CONFIGURATION\" = \"Debug\"; then :\n  cd /Users/zachallred/desktop/CS6010Project/cs1610game/xcode\n  echo Build\\ all\\ projects\nfi\nif test \"$CONFIGURATION\" = \"Release\"; then :\n  cd /Users/zachallred/desktop/CS6010Project/cs1610game/xcode\n  echo Build\\ all\\ projects\nfi\nif test \"$CONFIGURATION\" = \"MinSizeRel\"; then :\n  cd /Users/zachallred/desktop/CS6010Project/cs1610game/xcode\n  echo Build\\ all\\ projects\nfi\nif test \"$CONFIGURATION\" = \"RelWithDebInfo\"; then :\n  cd /Users/zachallred/desktop/CS6010Project/cs1610game/xcode\n  echo Build\\ all\\ projects\nfi\n";
			showEnvVarsInLog = 0;
		};
/* End PBXShellScriptBuildPhase section */

/* Begin PBXSourcesBuildPhase section */
		B0F9462E325648EB808362B5 /* Sources */ = {
			isa = PBXSourcesBuildPhase;
			buildActionMask = 2147483647;
			files = (
				242A9BB879494C22ACF53054 /* cargame.cpp in Sources */,
				AA42F1782ABB1CA100DA5780 /* ComputerCar.cpp in Sources */,
				AA51B5D82ABA437A008C0A3C /* PlayersCar.cpp in Sources */,
				AA51B5DB2ABA54E5008C0A3C /* Potholes.cpp in Sources */,
			);
			runOnlyForDeploymentPostprocessing = 0;
		};
/* End PBXSourcesBuildPhase section */

/* Begin PBXTargetDependency section */
		4918E2E0150B414A88A018B9 /* PBXTargetDependency */ = {
			isa = PBXTargetDependency;
			target = CEDC8E10F90A48ABB305D308 /* carracing */;
			targetProxy = 76FF26D204C04C0BA86D8419 /* PBXContainerItemProxy */;
		};
		F985B88763294AEE9E116C88 /* PBXTargetDependency */ = {
			isa = PBXTargetDependency;
			target = 9934FE834D244763837FC218 /* ZERO_CHECK */;
			targetProxy = F2FFA774513A4D768A3C0905 /* PBXContainerItemProxy */;
		};
		FC6DBE7C0579424B8CFD84AE /* PBXTargetDependency */ = {
			isa = PBXTargetDependency;
			target = 9934FE834D244763837FC218 /* ZERO_CHECK */;
			targetProxy = 8864A7AE8E7D49469505CC73 /* PBXContainerItemProxy */;
		};
/* End PBXTargetDependency section */

/* Begin XCBuildConfiguration section */
		2361761CB5E845898DEC5F3B /* RelWithDebInfo */ = {
			isa = XCBuildConfiguration;
			buildSettings = {
				ALWAYS_SEARCH_USER_PATHS = NO;
				ARCHS = arm64;
				COMBINE_HIDPI_IMAGES = YES;
				CONFIGURATION_BUILD_DIR = /Users/zachallred/desktop/CS6010Project/cs1610game/xcode/RelWithDebInfo;
				EXECUTABLE_PREFIX = "";
				EXECUTABLE_SUFFIX = "";
				GCC_GENERATE_DEBUGGING_SYMBOLS = YES;
				GCC_INLINES_ARE_PRIVATE_EXTERN = NO;
				GCC_OPTIMIZATION_LEVEL = 2;
				GCC_PREPROCESSOR_DEFINITIONS = (
					"'CMAKE_INTDIR=\"$(CONFIGURATION)$(EFFECTIVE_PLATFORM_NAME)\"'",
					"$(inherited)",
				);
				GCC_SYMBOLS_PRIVATE_EXTERN = NO;
				INSTALL_PATH = "";
				LD_RUNPATH_SEARCH_PATHS = (
					/opt/homebrew/lib,
					"$(inherited)",
				);
				ONLY_ACTIVE_ARCH = NO;
				OTHER_CPLUSPLUSFLAGS = (
					"-DNDEBUG",
					"'-std=c++17'",
				);
				OTHER_LDFLAGS = (
					"-Wl,-search_paths_first",
					"-Wl,-headerpad_max_install_names",
					"/opt/homebrew/lib/libsfml-graphics.2.6.0.dylib",
					"/opt/homebrew/lib/libsfml-window.2.6.0.dylib",
					"/opt/homebrew/lib/libsfml-system.2.6.0.dylib",
					"$(inherited)",
				);
				OTHER_REZFLAGS = "";
				PRODUCT_NAME = carracing;
				SECTORDER_FLAGS = "";
				SYSTEM_HEADER_SEARCH_PATHS = (
					/opt/homebrew/include,
					"$(inherited)",
				);
				TARGET_TEMP_DIR = "/Users/zachallred/desktop/CS6010Project/cs1610game/xcode/build/carracing.build/$(CONFIGURATION)$(EFFECTIVE_PLATFORM_NAME)";
				USE_HEADERMAP = NO;
				WARNING_CFLAGS = "$(inherited)";
			};
			name = RelWithDebInfo;
		};
		2672A1CB076641E2A2F956D3 /* MinSizeRel */ = {
			isa = XCBuildConfiguration;
			buildSettings = {
				ALWAYS_SEARCH_USER_PATHS = NO;
				ARCHS = arm64;
				COMBINE_HIDPI_IMAGES = YES;
				GCC_GENERATE_DEBUGGING_SYMBOLS = YES;
				GCC_INLINES_ARE_PRIVATE_EXTERN = NO;
				GCC_OPTIMIZATION_LEVEL = 0;
				GCC_PREPROCESSOR_DEFINITIONS = (
					"'CMAKE_INTDIR=\"$(CONFIGURATION)$(EFFECTIVE_PLATFORM_NAME)\"'",
					"$(inherited)",
				);
				GCC_SYMBOLS_PRIVATE_EXTERN = NO;
				INSTALL_PATH = "";
				ONLY_ACTIVE_ARCH = NO;
				OTHER_LDFLAGS = " $(inherited)";
				OTHER_REZFLAGS = "";
				PRODUCT_NAME = ALL_BUILD;
				SECTORDER_FLAGS = "";
				USE_HEADERMAP = NO;
				WARNING_CFLAGS = "$(inherited)";
			};
			name = MinSizeRel;
		};
		3EB2FD063E8E443997C2D2B8 /* Release */ = {
			isa = XCBuildConfiguration;
			buildSettings = {
				ALWAYS_SEARCH_USER_PATHS = NO;
				ARCHS = arm64;
				COMBINE_HIDPI_IMAGES = YES;
				CONFIGURATION_BUILD_DIR = /Users/zachallred/desktop/CS6010Project/cs1610game/xcode/Release;
				EXECUTABLE_PREFIX = "";
				EXECUTABLE_SUFFIX = "";
				GCC_GENERATE_DEBUGGING_SYMBOLS = NO;
				GCC_INLINES_ARE_PRIVATE_EXTERN = NO;
				GCC_OPTIMIZATION_LEVEL = 3;
				GCC_PREPROCESSOR_DEFINITIONS = (
					"'CMAKE_INTDIR=\"$(CONFIGURATION)$(EFFECTIVE_PLATFORM_NAME)\"'",
					"$(inherited)",
				);
				GCC_SYMBOLS_PRIVATE_EXTERN = NO;
				INSTALL_PATH = "";
				LD_RUNPATH_SEARCH_PATHS = (
					/opt/homebrew/lib,
					"$(inherited)",
				);
				ONLY_ACTIVE_ARCH = NO;
				OTHER_CPLUSPLUSFLAGS = (
					"-DNDEBUG",
					"'-std=c++17'",
				);
				OTHER_LDFLAGS = (
					"-Wl,-search_paths_first",
					"-Wl,-headerpad_max_install_names",
					"/opt/homebrew/lib/libsfml-graphics.2.6.0.dylib",
					"/opt/homebrew/lib/libsfml-window.2.6.0.dylib",
					"/opt/homebrew/lib/libsfml-system.2.6.0.dylib",
					"$(inherited)",
				);
				OTHER_REZFLAGS = "";
				PRODUCT_NAME = carracing;
				SECTORDER_FLAGS = "";
				SYSTEM_HEADER_SEARCH_PATHS = (
					/opt/homebrew/include,
					"$(inherited)",
				);
				TARGET_TEMP_DIR = "/Users/zachallred/desktop/CS6010Project/cs1610game/xcode/build/carracing.build/$(CONFIGURATION)$(EFFECTIVE_PLATFORM_NAME)";
				USE_HEADERMAP = NO;
				WARNING_CFLAGS = "$(inherited)";
			};
			name = Release;
		};
		7CB9753CC93249A7AA4B0D9B /* Debug */ = {
			isa = XCBuildConfiguration;
			buildSettings = {
				ALWAYS_SEARCH_USER_PATHS = NO;
				ARCHS = arm64;
				COMBINE_HIDPI_IMAGES = YES;
				CONFIGURATION_BUILD_DIR = /Users/zachallred/desktop/CS6010Project/cs1610game/xcode/Debug;
				EXECUTABLE_PREFIX = "";
				EXECUTABLE_SUFFIX = "";
				GCC_GENERATE_DEBUGGING_SYMBOLS = YES;
				GCC_INLINES_ARE_PRIVATE_EXTERN = NO;
				GCC_OPTIMIZATION_LEVEL = 0;
				GCC_PREPROCESSOR_DEFINITIONS = (
					"'CMAKE_INTDIR=\"$(CONFIGURATION)$(EFFECTIVE_PLATFORM_NAME)\"'",
					"$(inherited)",
				);
				GCC_SYMBOLS_PRIVATE_EXTERN = NO;
				INSTALL_PATH = "";
				LD_RUNPATH_SEARCH_PATHS = (
					/opt/homebrew/lib,
					"$(inherited)",
				);
				ONLY_ACTIVE_ARCH = NO;
				OTHER_CPLUSPLUSFLAGS = "   '-std=c++17' ";
				OTHER_LDFLAGS = (
					"-Wl,-search_paths_first",
					"-Wl,-headerpad_max_install_names",
					"/opt/homebrew/lib/libsfml-graphics.2.6.0.dylib",
					"/opt/homebrew/lib/libsfml-window.2.6.0.dylib",
					"/opt/homebrew/lib/libsfml-system.2.6.0.dylib",
					"$(inherited)",
				);
				OTHER_REZFLAGS = "";
				PRODUCT_NAME = carracing;
				SECTORDER_FLAGS = "";
				SYSTEM_HEADER_SEARCH_PATHS = (
					/opt/homebrew/include,
					"$(inherited)",
				);
				TARGET_TEMP_DIR = "/Users/zachallred/desktop/CS6010Project/cs1610game/xcode/build/carracing.build/$(CONFIGURATION)$(EFFECTIVE_PLATFORM_NAME)";
				USE_HEADERMAP = NO;
				WARNING_CFLAGS = "$(inherited)";
			};
			name = Debug;
		};
		825ADA311488464F91F8DD72 /* Release */ = {
			isa = XCBuildConfiguration;
			buildSettings = {
				ALWAYS_SEARCH_USER_PATHS = NO;
				ARCHS = arm64;
				COMBINE_HIDPI_IMAGES = YES;
				GCC_GENERATE_DEBUGGING_SYMBOLS = YES;
				GCC_INLINES_ARE_PRIVATE_EXTERN = NO;
				GCC_OPTIMIZATION_LEVEL = 0;
				GCC_PREPROCESSOR_DEFINITIONS = (
					"'CMAKE_INTDIR=\"$(CONFIGURATION)$(EFFECTIVE_PLATFORM_NAME)\"'",
					"$(inherited)",
				);
				GCC_SYMBOLS_PRIVATE_EXTERN = NO;
				INSTALL_PATH = "";
				ONLY_ACTIVE_ARCH = NO;
				OTHER_LDFLAGS = " $(inherited)";
				OTHER_REZFLAGS = "";
				PRODUCT_NAME = ZERO_CHECK;
				SECTORDER_FLAGS = "";
				USE_HEADERMAP = NO;
				WARNING_CFLAGS = "$(inherited)";
			};
			name = Release;
		};
		A7EDD6508D0E4EF2AC3BB99A /* MinSizeRel */ = {
			isa = XCBuildConfiguration;
			buildSettings = {
				ALWAYS_SEARCH_USER_PATHS = NO;
				ARCHS = arm64;
				COMBINE_HIDPI_IMAGES = YES;
				CONFIGURATION_BUILD_DIR = /Users/zachallred/desktop/CS6010Project/cs1610game/xcode/MinSizeRel;
				EXECUTABLE_PREFIX = "";
				EXECUTABLE_SUFFIX = "";
				GCC_GENERATE_DEBUGGING_SYMBOLS = NO;
				GCC_INLINES_ARE_PRIVATE_EXTERN = NO;
				GCC_OPTIMIZATION_LEVEL = s;
				GCC_PREPROCESSOR_DEFINITIONS = (
					"'CMAKE_INTDIR=\"$(CONFIGURATION)$(EFFECTIVE_PLATFORM_NAME)\"'",
					"$(inherited)",
				);
				GCC_SYMBOLS_PRIVATE_EXTERN = NO;
				INSTALL_PATH = "";
				LD_RUNPATH_SEARCH_PATHS = (
					/opt/homebrew/lib,
					"$(inherited)",
				);
				ONLY_ACTIVE_ARCH = NO;
				OTHER_CPLUSPLUSFLAGS = (
					"-DNDEBUG",
					"'-std=c++17'",
				);
				OTHER_LDFLAGS = (
					"-Wl,-search_paths_first",
					"-Wl,-headerpad_max_install_names",
					"/opt/homebrew/lib/libsfml-graphics.2.6.0.dylib",
					"/opt/homebrew/lib/libsfml-window.2.6.0.dylib",
					"/opt/homebrew/lib/libsfml-system.2.6.0.dylib",
					"$(inherited)",
				);
				OTHER_REZFLAGS = "";
				PRODUCT_NAME = carracing;
				SECTORDER_FLAGS = "";
				SYSTEM_HEADER_SEARCH_PATHS = (
					/opt/homebrew/include,
					"$(inherited)",
				);
				TARGET_TEMP_DIR = "/Users/zachallred/desktop/CS6010Project/cs1610game/xcode/build/carracing.build/$(CONFIGURATION)$(EFFECTIVE_PLATFORM_NAME)";
				USE_HEADERMAP = NO;
				WARNING_CFLAGS = "$(inherited)";
			};
			name = MinSizeRel;
		};
		B8E2694F5A4349A591C0B756 /* Debug */ = {
			isa = XCBuildConfiguration;
			buildSettings = {
				ARCHS = arm64;
				SDKROOT = /Applications/Xcode.app/Contents/Developer/Platforms/MacOSX.platform/Developer/SDKs/MacOSX13.3.sdk;
				SYMROOT = /Users/zachallred/desktop/CS6010Project/cs1610game/xcode/build;
			};
			name = Debug;
		};
		C3CF26622457409EAB0312A3 /* Release */ = {
			isa = XCBuildConfiguration;
			buildSettings = {
				ALWAYS_SEARCH_USER_PATHS = NO;
				ARCHS = arm64;
				COMBINE_HIDPI_IMAGES = YES;
				GCC_GENERATE_DEBUGGING_SYMBOLS = YES;
				GCC_INLINES_ARE_PRIVATE_EXTERN = NO;
				GCC_OPTIMIZATION_LEVEL = 0;
				GCC_PREPROCESSOR_DEFINITIONS = (
					"'CMAKE_INTDIR=\"$(CONFIGURATION)$(EFFECTIVE_PLATFORM_NAME)\"'",
					"$(inherited)",
				);
				GCC_SYMBOLS_PRIVATE_EXTERN = NO;
				INSTALL_PATH = "";
				ONLY_ACTIVE_ARCH = NO;
				OTHER_LDFLAGS = " $(inherited)";
				OTHER_REZFLAGS = "";
				PRODUCT_NAME = ALL_BUILD;
				SECTORDER_FLAGS = "";
				USE_HEADERMAP = NO;
				WARNING_CFLAGS = "$(inherited)";
			};
			name = Release;
		};
		C93647E01F9249FBA3391EA7 /* RelWithDebInfo */ = {
			isa = XCBuildConfiguration;
			buildSettings = {
				ALWAYS_SEARCH_USER_PATHS = NO;
				ARCHS = arm64;
				COMBINE_HIDPI_IMAGES = YES;
				GCC_GENERATE_DEBUGGING_SYMBOLS = YES;
				GCC_INLINES_ARE_PRIVATE_EXTERN = NO;
				GCC_OPTIMIZATION_LEVEL = 0;
				GCC_PREPROCESSOR_DEFINITIONS = (
					"'CMAKE_INTDIR=\"$(CONFIGURATION)$(EFFECTIVE_PLATFORM_NAME)\"'",
					"$(inherited)",
				);
				GCC_SYMBOLS_PRIVATE_EXTERN = NO;
				INSTALL_PATH = "";
				ONLY_ACTIVE_ARCH = NO;
				OTHER_LDFLAGS = " $(inherited)";
				OTHER_REZFLAGS = "";
				PRODUCT_NAME = ZERO_CHECK;
				SECTORDER_FLAGS = "";
				USE_HEADERMAP = NO;
				WARNING_CFLAGS = "$(inherited)";
			};
			name = RelWithDebInfo;
		};
		DCE6C7467FE14B26A3D3FC4E /* Debug */ = {
			isa = XCBuildConfiguration;
			buildSettings = {
				ALWAYS_SEARCH_USER_PATHS = NO;
				ARCHS = arm64;
				COMBINE_HIDPI_IMAGES = YES;
				GCC_GENERATE_DEBUGGING_SYMBOLS = YES;
				GCC_INLINES_ARE_PRIVATE_EXTERN = NO;
				GCC_OPTIMIZATION_LEVEL = 0;
				GCC_PREPROCESSOR_DEFINITIONS = (
					"'CMAKE_INTDIR=\"$(CONFIGURATION)$(EFFECTIVE_PLATFORM_NAME)\"'",
					"$(inherited)",
				);
				GCC_SYMBOLS_PRIVATE_EXTERN = NO;
				INSTALL_PATH = "";
				ONLY_ACTIVE_ARCH = NO;
				OTHER_LDFLAGS = " $(inherited)";
				OTHER_REZFLAGS = "";
				PRODUCT_NAME = ZERO_CHECK;
				SECTORDER_FLAGS = "";
				USE_HEADERMAP = NO;
				WARNING_CFLAGS = "$(inherited)";
			};
			name = Debug;
		};
		DE8FD7A6473B46448A159BBD /* MinSizeRel */ = {
			isa = XCBuildConfiguration;
			buildSettings = {
				ARCHS = arm64;
				SDKROOT = /Applications/Xcode.app/Contents/Developer/Platforms/MacOSX.platform/Developer/SDKs/MacOSX13.3.sdk;
				SWIFT_COMPILATION_MODE = wholemodule;
				SYMROOT = /Users/zachallred/desktop/CS6010Project/cs1610game/xcode/build;
			};
			name = MinSizeRel;
		};
		E0AB3B0E3BC74228A775C92D /* Debug */ = {
			isa = XCBuildConfiguration;
			buildSettings = {
				ALWAYS_SEARCH_USER_PATHS = NO;
				ARCHS = arm64;
				COMBINE_HIDPI_IMAGES = YES;
				GCC_GENERATE_DEBUGGING_SYMBOLS = YES;
				GCC_INLINES_ARE_PRIVATE_EXTERN = NO;
				GCC_OPTIMIZATION_LEVEL = 0;
				GCC_PREPROCESSOR_DEFINITIONS = (
					"'CMAKE_INTDIR=\"$(CONFIGURATION)$(EFFECTIVE_PLATFORM_NAME)\"'",
					"$(inherited)",
				);
				GCC_SYMBOLS_PRIVATE_EXTERN = NO;
				INSTALL_PATH = "";
				ONLY_ACTIVE_ARCH = NO;
				OTHER_LDFLAGS = " $(inherited)";
				OTHER_REZFLAGS = "";
				PRODUCT_NAME = ALL_BUILD;
				SECTORDER_FLAGS = "";
				USE_HEADERMAP = NO;
				WARNING_CFLAGS = "$(inherited)";
			};
			name = Debug;
		};
		E272547185444AA6A8E910B9 /* Release */ = {
			isa = XCBuildConfiguration;
			buildSettings = {
				ARCHS = arm64;
				SDKROOT = /Applications/Xcode.app/Contents/Developer/Platforms/MacOSX.platform/Developer/SDKs/MacOSX13.3.sdk;
				SWIFT_COMPILATION_MODE = wholemodule;
				SYMROOT = /Users/zachallred/desktop/CS6010Project/cs1610game/xcode/build;
			};
			name = Release;
		};
		F70C3814D2CA44A3AB2A1AD3 /* MinSizeRel */ = {
			isa = XCBuildConfiguration;
			buildSettings = {
				ALWAYS_SEARCH_USER_PATHS = NO;
				ARCHS = arm64;
				COMBINE_HIDPI_IMAGES = YES;
				GCC_GENERATE_DEBUGGING_SYMBOLS = YES;
				GCC_INLINES_ARE_PRIVATE_EXTERN = NO;
				GCC_OPTIMIZATION_LEVEL = 0;
				GCC_PREPROCESSOR_DEFINITIONS = (
					"'CMAKE_INTDIR=\"$(CONFIGURATION)$(EFFECTIVE_PLATFORM_NAME)\"'",
					"$(inherited)",
				);
				GCC_SYMBOLS_PRIVATE_EXTERN = NO;
				INSTALL_PATH = "";
				ONLY_ACTIVE_ARCH = NO;
				OTHER_LDFLAGS = " $(inherited)";
				OTHER_REZFLAGS = "";
				PRODUCT_NAME = ZERO_CHECK;
				SECTORDER_FLAGS = "";
				USE_HEADERMAP = NO;
				WARNING_CFLAGS = "$(inherited)";
			};
			name = MinSizeRel;
		};
		FC3229A66D764191922D5911 /* RelWithDebInfo */ = {
			isa = XCBuildConfiguration;
			buildSettings = {
				ARCHS = arm64;
				SDKROOT = /Applications/Xcode.app/Contents/Developer/Platforms/MacOSX.platform/Developer/SDKs/MacOSX13.3.sdk;
				SWIFT_COMPILATION_MODE = wholemodule;
				SYMROOT = /Users/zachallred/desktop/CS6010Project/cs1610game/xcode/build;
			};
			name = RelWithDebInfo;
		};
		FE0C3224ED24415AA0044208 /* RelWithDebInfo */ = {
			isa = XCBuildConfiguration;
			buildSettings = {
				ALWAYS_SEARCH_USER_PATHS = NO;
				ARCHS = arm64;
				COMBINE_HIDPI_IMAGES = YES;
				GCC_GENERATE_DEBUGGING_SYMBOLS = YES;
				GCC_INLINES_ARE_PRIVATE_EXTERN = NO;
				GCC_OPTIMIZATION_LEVEL = 0;
				GCC_PREPROCESSOR_DEFINITIONS = (
					"'CMAKE_INTDIR=\"$(CONFIGURATION)$(EFFECTIVE_PLATFORM_NAME)\"'",
					"$(inherited)",
				);
				GCC_SYMBOLS_PRIVATE_EXTERN = NO;
				INSTALL_PATH = "";
				ONLY_ACTIVE_ARCH = NO;
				OTHER_LDFLAGS = " $(inherited)";
				OTHER_REZFLAGS = "";
				PRODUCT_NAME = ALL_BUILD;
				SECTORDER_FLAGS = "";
				USE_HEADERMAP = NO;
				WARNING_CFLAGS = "$(inherited)";
			};
			name = RelWithDebInfo;
		};
/* End XCBuildConfiguration section */

/* Begin XCConfigurationList section */
		06464CF430A648F583C97FB4 /* Build configuration list for PBXAggregateTarget "ALL_BUILD" */ = {
			isa = XCConfigurationList;
			buildConfigurations = (
				E0AB3B0E3BC74228A775C92D /* Debug */,
				C3CF26622457409EAB0312A3 /* Release */,
				2672A1CB076641E2A2F956D3 /* MinSizeRel */,
				FE0C3224ED24415AA0044208 /* RelWithDebInfo */,
			);
			defaultConfigurationIsVisible = 0;
			defaultConfigurationName = Debug;
		};
		4062A0A4AB964BBEB8EDB1E3 /* Build configuration list for PBXProject "carracing" */ = {
			isa = XCConfigurationList;
			buildConfigurations = (
				B8E2694F5A4349A591C0B756 /* Debug */,
				E272547185444AA6A8E910B9 /* Release */,
				DE8FD7A6473B46448A159BBD /* MinSizeRel */,
				FC3229A66D764191922D5911 /* RelWithDebInfo */,
			);
			defaultConfigurationIsVisible = 0;
			defaultConfigurationName = Debug;
		};
		75FCF5FA9E864CE3A2657A3E /* Build configuration list for PBXNativeTarget "carracing" */ = {
			isa = XCConfigurationList;
			buildConfigurations = (
				7CB9753CC93249A7AA4B0D9B /* Debug */,
				3EB2FD063E8E443997C2D2B8 /* Release */,
				A7EDD6508D0E4EF2AC3BB99A /* MinSizeRel */,
				2361761CB5E845898DEC5F3B /* RelWithDebInfo */,
			);
			defaultConfigurationIsVisible = 0;
			defaultConfigurationName = Debug;
		};
		963AF5DAE35D4A92913D591A /* Build configuration list for PBXAggregateTarget "ZERO_CHECK" */ = {
			isa = XCConfigurationList;
			buildConfigurations = (
				DCE6C7467FE14B26A3D3FC4E /* Debug */,
				825ADA311488464F91F8DD72 /* Release */,
				F70C3814D2CA44A3AB2A1AD3 /* MinSizeRel */,
				C93647E01F9249FBA3391EA7 /* RelWithDebInfo */,
			);
			defaultConfigurationIsVisible = 0;
			defaultConfigurationName = Debug;
		};
/* End XCConfigurationList section */
	};
	rootObject = 71B229F22A994C16B611C3BF /* Project object */;
}
