// !$*UTF8*$!
{
	archiveVersion = 1;
	classes = {
	};
	objectVersion = 54;
	objects = {

/* Begin PBXAggregateTarget section */
		2370A50E8DE8426199267417 /* ALL_BUILD */ = {
			isa = PBXAggregateTarget;
			buildConfigurationList = 7F3D20B719F14A57A68741E6 /* Build configuration list for PBXAggregateTarget "ALL_BUILD" */;
			buildPhases = (
				053904803D46BF03D1F01BA9 /* Generate CMakeFiles/ALL_BUILD */,
			);
			dependencies = (
				0E2748222B5A4DB2979BE06E /* PBXTargetDependency */,
				14DC8382EC47418C9C3202C8 /* PBXTargetDependency */,
			);
			name = ALL_BUILD;
			productName = ALL_BUILD;
		};
		296193CDF6304ACCBD38D738 /* ZERO_CHECK */ = {
			isa = PBXAggregateTarget;
			buildConfigurationList = 2361B8637DBB4B22B2166D9A /* Build configuration list for PBXAggregateTarget "ZERO_CHECK" */;
			buildPhases = (
				BB91A26BE77AA4DF0073FD2D /* Generate CMakeFiles/ZERO_CHECK */,
			);
			dependencies = (
			);
			name = ZERO_CHECK;
			productName = ZERO_CHECK;
		};
/* End PBXAggregateTarget section */

/* Begin PBXBuildFile section */
		83F5E17D2ABA3C4400FF33D1 /* animals.cpp in Sources */ = {isa = PBXBuildFile; fileRef = 83F5E17B2ABA3C4400FF33D1 /* animals.cpp */; };
		83F5E1972ABB50E600FF33D1 /* world1.cpp in Sources */ = {isa = PBXBuildFile; fileRef = 83F5E1952ABB50E600FF33D1 /* world1.cpp */; };
		F8F3204FCC234CA289EC22CD /* cargame.cpp in Sources */ = {isa = PBXBuildFile; fileRef = 2E33EFBF57F641B7A290267A /* cargame.cpp */; };
/* End PBXBuildFile section */

/* Begin PBXContainerItemProxy section */
		27B90830E30C45BB88663CF9 /* PBXContainerItemProxy */ = {
			isa = PBXContainerItemProxy;
			containerPortal = 7BCAE764F89D4BB49733DF6F /* Project object */;
			proxyType = 1;
			remoteGlobalIDString = E019AAD642024648B018B152;
			remoteInfo = carracing;
		};
		3BDE8BEEF6734969B6069156 /* PBXContainerItemProxy */ = {
			isa = PBXContainerItemProxy;
			containerPortal = 7BCAE764F89D4BB49733DF6F /* Project object */;
			proxyType = 1;
			remoteGlobalIDString = 296193CDF6304ACCBD38D738;
			remoteInfo = ZERO_CHECK;
		};
		72359FEF16094650B67EB1BD /* PBXContainerItemProxy */ = {
			isa = PBXContainerItemProxy;
			containerPortal = 7BCAE764F89D4BB49733DF6F /* Project object */;
			proxyType = 1;
			remoteGlobalIDString = 296193CDF6304ACCBD38D738;
			remoteInfo = ZERO_CHECK;
		};
/* End PBXContainerItemProxy section */

/* Begin PBXFileReference section */
		2E33EFBF57F641B7A290267A /* cargame.cpp */ = {isa = PBXFileReference; explicitFileType = sourcecode.cpp.cpp; fileEncoding = 4; name = cargame.cpp; path = src/cargame.cpp; sourceTree = SOURCE_ROOT; };
		8108031C90884FF0AE9DFB87 /* CMakeLists.txt */ = {isa = PBXFileReference; explicitFileType = sourcecode.text; fileEncoding = 4; lastKnownFileType = text; path = CMakeLists.txt; sourceTree = SOURCE_ROOT; };
		83F5E17B2ABA3C4400FF33D1 /* animals.cpp */ = {isa = PBXFileReference; lastKnownFileType = sourcecode.cpp.cpp; name = animals.cpp; path = ../../../Desktop/CS6010Project/cs1610game/src/animals.cpp; sourceTree = "<group>"; };
		83F5E17C2ABA3C4400FF33D1 /* animals.hpp */ = {isa = PBXFileReference; lastKnownFileType = sourcecode.cpp.h; name = animals.hpp; path = ../../../Desktop/CS6010Project/cs1610game/src/animals.hpp; sourceTree = "<group>"; };
		83F5E1952ABB50E600FF33D1 /* world1.cpp */ = {isa = PBXFileReference; lastKnownFileType = sourcecode.cpp.cpp; name = world1.cpp; path = ../../../Desktop/CS6010Project/cs1610game/src/world1.cpp; sourceTree = "<group>"; };
		83F5E1962ABB50E600FF33D1 /* world1.hpp */ = {isa = PBXFileReference; lastKnownFileType = sourcecode.cpp.h; name = world1.hpp; path = ../../../Desktop/CS6010Project/cs1610game/src/world1.hpp; sourceTree = "<group>"; };
		BC46848E0991469A8B2E252B /* carracing */ = {isa = PBXFileReference; explicitFileType = "compiled.mach-o.executable"; path = carracing; sourceTree = BUILT_PRODUCTS_DIR; };
		FEC57646155249B1BE1B7773 /* CMakeLists.txt */ = {isa = PBXFileReference; explicitFileType = sourcecode.text; fileEncoding = 4; lastKnownFileType = text; path = CMakeLists.txt; sourceTree = SOURCE_ROOT; };
/* End PBXFileReference section */

/* Begin PBXFrameworksBuildPhase section */
		ABFCDC0236C7400192FB8966 /* Frameworks */ = {
			isa = PBXFrameworksBuildPhase;
			buildActionMask = 2147483647;
			files = (
			);
			runOnlyForDeploymentPostprocessing = 0;
		};
/* End PBXFrameworksBuildPhase section */

/* Begin PBXGroup section */
		37E0BCDA117640CC81931BF5 /* CMake Rules */ = {
			isa = PBXGroup;
			children = (
			);
			name = "CMake Rules";
			sourceTree = "<group>";
		};
		56EC889E641B469F9248687F = {
			isa = PBXGroup;
			children = (
				ED37770DA12D455D95B59D73 /* carracing */,
				958802C4992E4D6D95BC1F6D /* ALL_BUILD */,
				6A0973C157B64A8BB4518811 /* Products */,
				B31C94CCFDCF4A33B0205A68 /* Frameworks */,
			);
			sourceTree = "<group>";
		};
		6A0973C157B64A8BB4518811 /* Products */ = {
			isa = PBXGroup;
			children = (
				BC46848E0991469A8B2E252B /* carracing */,
			);
			name = Products;
			sourceTree = "<group>";
		};
		958802C4992E4D6D95BC1F6D /* ALL_BUILD */ = {
			isa = PBXGroup;
			children = (
				37E0BCDA117640CC81931BF5 /* CMake Rules */,
				8108031C90884FF0AE9DFB87 /* CMakeLists.txt */,
			);
			name = ALL_BUILD;
			sourceTree = "<group>";
		};
		A1BAD0454E774B8886BE3DB8 /* Source Files */ = {
			isa = PBXGroup;
			children = (
				83F5E17B2ABA3C4400FF33D1 /* animals.cpp */,
				83F5E17C2ABA3C4400FF33D1 /* animals.hpp */,
				2E33EFBF57F641B7A290267A /* cargame.cpp */,
				83F5E1952ABB50E600FF33D1 /* world1.cpp */,
				83F5E1962ABB50E600FF33D1 /* world1.hpp */,
			);
			name = "Source Files";
			sourceTree = "<group>";
		};
		B31C94CCFDCF4A33B0205A68 /* Frameworks */ = {
			isa = PBXGroup;
			children = (
			);
			name = Frameworks;
			sourceTree = "<group>";
		};
		ED37770DA12D455D95B59D73 /* carracing */ = {
			isa = PBXGroup;
			children = (
				A1BAD0454E774B8886BE3DB8 /* Source Files */,
				FEC57646155249B1BE1B7773 /* CMakeLists.txt */,
			);
			name = carracing;
			sourceTree = "<group>";
		};
/* End PBXGroup section */

/* Begin PBXNativeTarget section */
		E019AAD642024648B018B152 /* carracing */ = {
			isa = PBXNativeTarget;
			buildConfigurationList = EFEA00D92A234787B5371DCD /* Build configuration list for PBXNativeTarget "carracing" */;
			buildPhases = (
				11490271A46B4C9CB90FEF62 /* Sources */,
				ABFCDC0236C7400192FB8966 /* Frameworks */,
			);
			buildRules = (
			);
			dependencies = (
				616A062B4B62430D80D2151F /* PBXTargetDependency */,
			);
			name = carracing;
			productName = carracing;
			productReference = BC46848E0991469A8B2E252B /* carracing */;
			productType = "com.apple.product-type.tool";
		};
/* End PBXNativeTarget section */

/* Begin PBXProject section */
		7BCAE764F89D4BB49733DF6F /* Project object */ = {
			isa = PBXProject;
			attributes = {
				LastUpgradeCheck = 1430;
			};
			buildConfigurationList = 4BB8626433994C24A6E7F64D /* Build configuration list for PBXProject "carracing" */;
			compatibilityVersion = "Xcode 3.2";
			developmentRegion = en;
			hasScannedForEncodings = 0;
			knownRegions = (
				en,
				Base,
			);
			mainGroup = 56EC889E641B469F9248687F;
			projectDirPath = /Users/koffidanhounsrou/desktop/CS6010Project/cs1610game;
			projectRoot = "";
			targets = (
				2370A50E8DE8426199267417 /* ALL_BUILD */,
				296193CDF6304ACCBD38D738 /* ZERO_CHECK */,
				E019AAD642024648B018B152 /* carracing */,
			);
		};
/* End PBXProject section */

/* Begin PBXShellScriptBuildPhase section */
		053904803D46BF03D1F01BA9 /* Generate CMakeFiles/ALL_BUILD */ = {
			isa = PBXShellScriptBuildPhase;
			alwaysOutOfDate = 1;
			buildActionMask = 2147483647;
			files = (
			);
			inputPaths = (
			);
			name = "Generate CMakeFiles/ALL_BUILD";
			outputPaths = (
				/Users/koffidanhounsrou/desktop/CS6010Project/cs1610game/xcode/CMakeFiles/ALL_BUILD,
			);
			runOnlyForDeploymentPostprocessing = 0;
			shellPath = /bin/sh;
			shellScript = "set -e\nif test \"$CONFIGURATION\" = \"Debug\"; then :\n  cd /Users/koffidanhounsrou/desktop/CS6010Project/cs1610game/xcode\n  echo Build\\ all\\ projects\nfi\nif test \"$CONFIGURATION\" = \"Release\"; then :\n  cd /Users/koffidanhounsrou/desktop/CS6010Project/cs1610game/xcode\n  echo Build\\ all\\ projects\nfi\nif test \"$CONFIGURATION\" = \"MinSizeRel\"; then :\n  cd /Users/koffidanhounsrou/desktop/CS6010Project/cs1610game/xcode\n  echo Build\\ all\\ projects\nfi\nif test \"$CONFIGURATION\" = \"RelWithDebInfo\"; then :\n  cd /Users/koffidanhounsrou/desktop/CS6010Project/cs1610game/xcode\n  echo Build\\ all\\ projects\nfi\n";
			showEnvVarsInLog = 0;
		};
		BB91A26BE77AA4DF0073FD2D /* Generate CMakeFiles/ZERO_CHECK */ = {
			isa = PBXShellScriptBuildPhase;
			alwaysOutOfDate = 1;
			buildActionMask = 2147483647;
			files = (
			);
			inputPaths = (
			);
			name = "Generate CMakeFiles/ZERO_CHECK";
			outputPaths = (
				/Users/koffidanhounsrou/desktop/CS6010Project/cs1610game/xcode/CMakeFiles/ZERO_CHECK,
			);
			runOnlyForDeploymentPostprocessing = 0;
			shellPath = /bin/sh;
			shellScript = "set -e\nif test \"$CONFIGURATION\" = \"Debug\"; then :\n  cd /Users/koffidanhounsrou/desktop/CS6010Project/cs1610game/xcode\n  make -f /Users/koffidanhounsrou/desktop/CS6010Project/cs1610game/xcode/CMakeScripts/ReRunCMake.make\nfi\nif test \"$CONFIGURATION\" = \"Release\"; then :\n  cd /Users/koffidanhounsrou/desktop/CS6010Project/cs1610game/xcode\n  make -f /Users/koffidanhounsrou/desktop/CS6010Project/cs1610game/xcode/CMakeScripts/ReRunCMake.make\nfi\nif test \"$CONFIGURATION\" = \"MinSizeRel\"; then :\n  cd /Users/koffidanhounsrou/desktop/CS6010Project/cs1610game/xcode\n  make -f /Users/koffidanhounsrou/desktop/CS6010Project/cs1610game/xcode/CMakeScripts/ReRunCMake.make\nfi\nif test \"$CONFIGURATION\" = \"RelWithDebInfo\"; then :\n  cd /Users/koffidanhounsrou/desktop/CS6010Project/cs1610game/xcode\n  make -f /Users/koffidanhounsrou/desktop/CS6010Project/cs1610game/xcode/CMakeScripts/ReRunCMake.make\nfi\n";
			showEnvVarsInLog = 0;
		};
/* End PBXShellScriptBuildPhase section */

/* Begin PBXSourcesBuildPhase section */
		11490271A46B4C9CB90FEF62 /* Sources */ = {
			isa = PBXSourcesBuildPhase;
			buildActionMask = 2147483647;
			files = (
				83F5E1972ABB50E600FF33D1 /* world1.cpp in Sources */,
				F8F3204FCC234CA289EC22CD /* cargame.cpp in Sources */,
				83F5E17D2ABA3C4400FF33D1 /* animals.cpp in Sources */,
			);
			runOnlyForDeploymentPostprocessing = 0;
		};
/* End PBXSourcesBuildPhase section */

/* Begin PBXTargetDependency section */
		0E2748222B5A4DB2979BE06E /* PBXTargetDependency */ = {
			isa = PBXTargetDependency;
			target = E019AAD642024648B018B152 /* carracing */;
			targetProxy = 27B90830E30C45BB88663CF9 /* PBXContainerItemProxy */;
		};
		14DC8382EC47418C9C3202C8 /* PBXTargetDependency */ = {
			isa = PBXTargetDependency;
			target = 296193CDF6304ACCBD38D738 /* ZERO_CHECK */;
			targetProxy = 3BDE8BEEF6734969B6069156 /* PBXContainerItemProxy */;
		};
		616A062B4B62430D80D2151F /* PBXTargetDependency */ = {
			isa = PBXTargetDependency;
			target = 296193CDF6304ACCBD38D738 /* ZERO_CHECK */;
			targetProxy = 72359FEF16094650B67EB1BD /* PBXContainerItemProxy */;
		};
/* End PBXTargetDependency section */

/* Begin XCBuildConfiguration section */
		032F5D53A2FA4D7DA98C964A /* Release */ = {
			isa = XCBuildConfiguration;
			buildSettings = {
				ALWAYS_SEARCH_USER_PATHS = NO;
				ARCHS = arm64;
				COMBINE_HIDPI_IMAGES = YES;
				GCC_GENERATE_DEBUGGING_SYMBOLS = YES;
				GCC_INLINES_ARE_PRIVATE_EXTERN = NO;
				GCC_OPTIMIZATION_LEVEL = 0;
				GCC_PREPROCESSOR_DEFINITIONS = (
					"'CMAKE_INTDIR=\"$(CONFIGURATION)$(EFFECTIVE_PLATFORM_NAME)\"'",
					"$(inherited)",
				);
				GCC_SYMBOLS_PRIVATE_EXTERN = NO;
				INSTALL_PATH = "";
				ONLY_ACTIVE_ARCH = NO;
				OTHER_LDFLAGS = " $(inherited)";
				OTHER_REZFLAGS = "";
				PRODUCT_NAME = ALL_BUILD;
				SECTORDER_FLAGS = "";
				USE_HEADERMAP = NO;
				WARNING_CFLAGS = "$(inherited)";
			};
			name = Release;
		};
		203FCDD644454AB3BEC0F44A /* Release */ = {
			isa = XCBuildConfiguration;
			buildSettings = {
				ARCHS = arm64;
				SDKROOT = /Applications/Xcode.app/Contents/Developer/Platforms/MacOSX.platform/Developer/SDKs/MacOSX13.3.sdk;
				SWIFT_COMPILATION_MODE = wholemodule;
				SYMROOT = /Users/koffidanhounsrou/desktop/CS6010Project/cs1610game/xcode/build;
			};
			name = Release;
		};
		2264D2637FE4425DA33B29F1 /* RelWithDebInfo */ = {
			isa = XCBuildConfiguration;
			buildSettings = {
				ALWAYS_SEARCH_USER_PATHS = NO;
				ARCHS = arm64;
				COMBINE_HIDPI_IMAGES = YES;
				GCC_GENERATE_DEBUGGING_SYMBOLS = YES;
				GCC_INLINES_ARE_PRIVATE_EXTERN = NO;
				GCC_OPTIMIZATION_LEVEL = 0;
				GCC_PREPROCESSOR_DEFINITIONS = (
					"'CMAKE_INTDIR=\"$(CONFIGURATION)$(EFFECTIVE_PLATFORM_NAME)\"'",
					"$(inherited)",
				);
				GCC_SYMBOLS_PRIVATE_EXTERN = NO;
				INSTALL_PATH = "";
				ONLY_ACTIVE_ARCH = NO;
				OTHER_LDFLAGS = " $(inherited)";
				OTHER_REZFLAGS = "";
				PRODUCT_NAME = ALL_BUILD;
				SECTORDER_FLAGS = "";
				USE_HEADERMAP = NO;
				WARNING_CFLAGS = "$(inherited)";
			};
			name = RelWithDebInfo;
		};
		41989418D3A841E9BE1D17AB /* MinSizeRel */ = {
			isa = XCBuildConfiguration;
			buildSettings = {
				ALWAYS_SEARCH_USER_PATHS = NO;
				ARCHS = arm64;
				COMBINE_HIDPI_IMAGES = YES;
				GCC_GENERATE_DEBUGGING_SYMBOLS = YES;
				GCC_INLINES_ARE_PRIVATE_EXTERN = NO;
				GCC_OPTIMIZATION_LEVEL = 0;
				GCC_PREPROCESSOR_DEFINITIONS = (
					"'CMAKE_INTDIR=\"$(CONFIGURATION)$(EFFECTIVE_PLATFORM_NAME)\"'",
					"$(inherited)",
				);
				GCC_SYMBOLS_PRIVATE_EXTERN = NO;
				INSTALL_PATH = "";
				ONLY_ACTIVE_ARCH = NO;
				OTHER_LDFLAGS = " $(inherited)";
				OTHER_REZFLAGS = "";
				PRODUCT_NAME = ZERO_CHECK;
				SECTORDER_FLAGS = "";
				USE_HEADERMAP = NO;
				WARNING_CFLAGS = "$(inherited)";
			};
			name = MinSizeRel;
		};
		5CADD51250C0411481D0D305 /* MinSizeRel */ = {
			isa = XCBuildConfiguration;
			buildSettings = {
				ALWAYS_SEARCH_USER_PATHS = NO;
				ARCHS = arm64;
				COMBINE_HIDPI_IMAGES = YES;
				CONFIGURATION_BUILD_DIR = /Users/koffidanhounsrou/desktop/CS6010Project/cs1610game/xcode/MinSizeRel;
				EXECUTABLE_PREFIX = "";
				EXECUTABLE_SUFFIX = "";
				GCC_GENERATE_DEBUGGING_SYMBOLS = NO;
				GCC_INLINES_ARE_PRIVATE_EXTERN = NO;
				GCC_OPTIMIZATION_LEVEL = s;
				GCC_PREPROCESSOR_DEFINITIONS = (
					"'CMAKE_INTDIR=\"$(CONFIGURATION)$(EFFECTIVE_PLATFORM_NAME)\"'",
					"$(inherited)",
				);
				GCC_SYMBOLS_PRIVATE_EXTERN = NO;
				INSTALL_PATH = "";
				LD_RUNPATH_SEARCH_PATHS = (
					/opt/homebrew/lib,
					"$(inherited)",
				);
				ONLY_ACTIVE_ARCH = NO;
				OTHER_CPLUSPLUSFLAGS = (
					"-DNDEBUG",
					"'-std=c++17'",
				);
				OTHER_LDFLAGS = (
					"-Wl,-search_paths_first",
					"-Wl,-headerpad_max_install_names",
					"/opt/homebrew/lib/libsfml-graphics.2.6.0.dylib",
					"/opt/homebrew/lib/libsfml-window.2.6.0.dylib",
					"/opt/homebrew/lib/libsfml-system.2.6.0.dylib",
					"$(inherited)",
				);
				OTHER_REZFLAGS = "";
				PRODUCT_NAME = carracing;
				SECTORDER_FLAGS = "";
				SYSTEM_HEADER_SEARCH_PATHS = (
					/opt/homebrew/include,
					"$(inherited)",
				);
				TARGET_TEMP_DIR = "/Users/koffidanhounsrou/desktop/CS6010Project/cs1610game/xcode/build/carracing.build/$(CONFIGURATION)$(EFFECTIVE_PLATFORM_NAME)";
				USE_HEADERMAP = NO;
				WARNING_CFLAGS = "$(inherited)";
			};
			name = MinSizeRel;
		};
		686B1523C8DD447D8DAC7554 /* Debug */ = {
			isa = XCBuildConfiguration;
			buildSettings = {
				ALWAYS_SEARCH_USER_PATHS = NO;
				ARCHS = arm64;
				COMBINE_HIDPI_IMAGES = YES;
				GCC_GENERATE_DEBUGGING_SYMBOLS = YES;
				GCC_INLINES_ARE_PRIVATE_EXTERN = NO;
				GCC_OPTIMIZATION_LEVEL = 0;
				GCC_PREPROCESSOR_DEFINITIONS = (
					"'CMAKE_INTDIR=\"$(CONFIGURATION)$(EFFECTIVE_PLATFORM_NAME)\"'",
					"$(inherited)",
				);
				GCC_SYMBOLS_PRIVATE_EXTERN = NO;
				INSTALL_PATH = "";
				ONLY_ACTIVE_ARCH = NO;
				OTHER_LDFLAGS = " $(inherited)";
				OTHER_REZFLAGS = "";
				PRODUCT_NAME = ZERO_CHECK;
				SECTORDER_FLAGS = "";
				USE_HEADERMAP = NO;
				WARNING_CFLAGS = "$(inherited)";
			};
			name = Debug;
		};
		7D64E210F572466E9DBAE233 /* RelWithDebInfo */ = {
			isa = XCBuildConfiguration;
			buildSettings = {
				ARCHS = arm64;
				SDKROOT = /Applications/Xcode.app/Contents/Developer/Platforms/MacOSX.platform/Developer/SDKs/MacOSX13.3.sdk;
				SWIFT_COMPILATION_MODE = wholemodule;
				SYMROOT = /Users/koffidanhounsrou/desktop/CS6010Project/cs1610game/xcode/build;
			};
			name = RelWithDebInfo;
		};
		8DB6DB718AB44AEF95E20394 /* Debug */ = {
			isa = XCBuildConfiguration;
			buildSettings = {
				ARCHS = arm64;
				SDKROOT = /Applications/Xcode.app/Contents/Developer/Platforms/MacOSX.platform/Developer/SDKs/MacOSX13.3.sdk;
				SYMROOT = /Users/koffidanhounsrou/desktop/CS6010Project/cs1610game/xcode/build;
			};
			name = Debug;
		};
		B67156CE6924489E8798E74D /* RelWithDebInfo */ = {
			isa = XCBuildConfiguration;
			buildSettings = {
				ALWAYS_SEARCH_USER_PATHS = NO;
				ARCHS = arm64;
				COMBINE_HIDPI_IMAGES = YES;
				GCC_GENERATE_DEBUGGING_SYMBOLS = YES;
				GCC_INLINES_ARE_PRIVATE_EXTERN = NO;
				GCC_OPTIMIZATION_LEVEL = 0;
				GCC_PREPROCESSOR_DEFINITIONS = (
					"'CMAKE_INTDIR=\"$(CONFIGURATION)$(EFFECTIVE_PLATFORM_NAME)\"'",
					"$(inherited)",
				);
				GCC_SYMBOLS_PRIVATE_EXTERN = NO;
				INSTALL_PATH = "";
				ONLY_ACTIVE_ARCH = NO;
				OTHER_LDFLAGS = " $(inherited)";
				OTHER_REZFLAGS = "";
				PRODUCT_NAME = ZERO_CHECK;
				SECTORDER_FLAGS = "";
				USE_HEADERMAP = NO;
				WARNING_CFLAGS = "$(inherited)";
			};
			name = RelWithDebInfo;
		};
		C0A3163F73894705AC8D594F /* Release */ = {
			isa = XCBuildConfiguration;
			buildSettings = {
				ALWAYS_SEARCH_USER_PATHS = NO;
				ARCHS = arm64;
				COMBINE_HIDPI_IMAGES = YES;
				GCC_GENERATE_DEBUGGING_SYMBOLS = YES;
				GCC_INLINES_ARE_PRIVATE_EXTERN = NO;
				GCC_OPTIMIZATION_LEVEL = 0;
				GCC_PREPROCESSOR_DEFINITIONS = (
					"'CMAKE_INTDIR=\"$(CONFIGURATION)$(EFFECTIVE_PLATFORM_NAME)\"'",
					"$(inherited)",
				);
				GCC_SYMBOLS_PRIVATE_EXTERN = NO;
				INSTALL_PATH = "";
				ONLY_ACTIVE_ARCH = NO;
				OTHER_LDFLAGS = " $(inherited)";
				OTHER_REZFLAGS = "";
				PRODUCT_NAME = ZERO_CHECK;
				SECTORDER_FLAGS = "";
				USE_HEADERMAP = NO;
				WARNING_CFLAGS = "$(inherited)";
			};
			name = Release;
		};
		CC19DB59B6424C18A97D0B3C /* MinSizeRel */ = {
			isa = XCBuildConfiguration;
			buildSettings = {
				ARCHS = arm64;
				SDKROOT = /Applications/Xcode.app/Contents/Developer/Platforms/MacOSX.platform/Developer/SDKs/MacOSX13.3.sdk;
				SWIFT_COMPILATION_MODE = wholemodule;
				SYMROOT = /Users/koffidanhounsrou/desktop/CS6010Project/cs1610game/xcode/build;
			};
			name = MinSizeRel;
		};
		D03416D4670F4F9EA6B9ED51 /* Debug */ = {
			isa = XCBuildConfiguration;
			buildSettings = {
				ALWAYS_SEARCH_USER_PATHS = NO;
				ARCHS = arm64;
				COMBINE_HIDPI_IMAGES = YES;
				CONFIGURATION_BUILD_DIR = /Users/koffidanhounsrou/desktop/CS6010Project/cs1610game/xcode/Debug;
				EXECUTABLE_PREFIX = "";
				EXECUTABLE_SUFFIX = "";
				GCC_GENERATE_DEBUGGING_SYMBOLS = YES;
				GCC_INLINES_ARE_PRIVATE_EXTERN = NO;
				GCC_OPTIMIZATION_LEVEL = 0;
				GCC_PREPROCESSOR_DEFINITIONS = (
					"'CMAKE_INTDIR=\"$(CONFIGURATION)$(EFFECTIVE_PLATFORM_NAME)\"'",
					"$(inherited)",
				);
				GCC_SYMBOLS_PRIVATE_EXTERN = NO;
				INSTALL_PATH = "";
				LD_RUNPATH_SEARCH_PATHS = (
					/opt/homebrew/lib,
					"$(inherited)",
				);
				ONLY_ACTIVE_ARCH = NO;
				OTHER_CPLUSPLUSFLAGS = "   '-std=c++17' ";
				OTHER_LDFLAGS = (
					"-Wl,-search_paths_first",
					"-Wl,-headerpad_max_install_names",
					"/opt/homebrew/lib/libsfml-graphics.2.6.0.dylib",
					"/opt/homebrew/lib/libsfml-window.2.6.0.dylib",
					"/opt/homebrew/lib/libsfml-system.2.6.0.dylib",
					"$(inherited)",
				);
				OTHER_REZFLAGS = "";
				PRODUCT_NAME = carracing;
				SECTORDER_FLAGS = "";
				SYSTEM_HEADER_SEARCH_PATHS = (
					/opt/homebrew/include,
					"$(inherited)",
				);
				TARGET_TEMP_DIR = "/Users/koffidanhounsrou/desktop/CS6010Project/cs1610game/xcode/build/carracing.build/$(CONFIGURATION)$(EFFECTIVE_PLATFORM_NAME)";
				USE_HEADERMAP = NO;
				WARNING_CFLAGS = "$(inherited)";
			};
			name = Debug;
		};
		D6B1111A812B4D0587C9AF91 /* Release */ = {
			isa = XCBuildConfiguration;
			buildSettings = {
				ALWAYS_SEARCH_USER_PATHS = NO;
				ARCHS = arm64;
				COMBINE_HIDPI_IMAGES = YES;
				CONFIGURATION_BUILD_DIR = /Users/koffidanhounsrou/desktop/CS6010Project/cs1610game/xcode/Release;
				EXECUTABLE_PREFIX = "";
				EXECUTABLE_SUFFIX = "";
				GCC_GENERATE_DEBUGGING_SYMBOLS = NO;
				GCC_INLINES_ARE_PRIVATE_EXTERN = NO;
				GCC_OPTIMIZATION_LEVEL = 3;
				GCC_PREPROCESSOR_DEFINITIONS = (
					"'CMAKE_INTDIR=\"$(CONFIGURATION)$(EFFECTIVE_PLATFORM_NAME)\"'",
					"$(inherited)",
				);
				GCC_SYMBOLS_PRIVATE_EXTERN = NO;
				INSTALL_PATH = "";
				LD_RUNPATH_SEARCH_PATHS = (
					/opt/homebrew/lib,
					"$(inherited)",
				);
				ONLY_ACTIVE_ARCH = NO;
				OTHER_CPLUSPLUSFLAGS = (
					"-DNDEBUG",
					"'-std=c++17'",
				);
				OTHER_LDFLAGS = (
					"-Wl,-search_paths_first",
					"-Wl,-headerpad_max_install_names",
					"/opt/homebrew/lib/libsfml-graphics.2.6.0.dylib",
					"/opt/homebrew/lib/libsfml-window.2.6.0.dylib",
					"/opt/homebrew/lib/libsfml-system.2.6.0.dylib",
					"$(inherited)",
				);
				OTHER_REZFLAGS = "";
				PRODUCT_NAME = carracing;
				SECTORDER_FLAGS = "";
				SYSTEM_HEADER_SEARCH_PATHS = (
					/opt/homebrew/include,
					"$(inherited)",
				);
				TARGET_TEMP_DIR = "/Users/koffidanhounsrou/desktop/CS6010Project/cs1610game/xcode/build/carracing.build/$(CONFIGURATION)$(EFFECTIVE_PLATFORM_NAME)";
				USE_HEADERMAP = NO;
				WARNING_CFLAGS = "$(inherited)";
			};
			name = Release;
		};
		E12F801DC5D04676A3319E4F /* Debug */ = {
			isa = XCBuildConfiguration;
			buildSettings = {
				ALWAYS_SEARCH_USER_PATHS = NO;
				ARCHS = arm64;
				COMBINE_HIDPI_IMAGES = YES;
				GCC_GENERATE_DEBUGGING_SYMBOLS = YES;
				GCC_INLINES_ARE_PRIVATE_EXTERN = NO;
				GCC_OPTIMIZATION_LEVEL = 0;
				GCC_PREPROCESSOR_DEFINITIONS = (
					"'CMAKE_INTDIR=\"$(CONFIGURATION)$(EFFECTIVE_PLATFORM_NAME)\"'",
					"$(inherited)",
				);
				GCC_SYMBOLS_PRIVATE_EXTERN = NO;
				INSTALL_PATH = "";
				ONLY_ACTIVE_ARCH = NO;
				OTHER_LDFLAGS = " $(inherited)";
				OTHER_REZFLAGS = "";
				PRODUCT_NAME = ALL_BUILD;
				SECTORDER_FLAGS = "";
				USE_HEADERMAP = NO;
				WARNING_CFLAGS = "$(inherited)";
			};
			name = Debug;
		};
		E907FE7F596942D4BB3AA948 /* RelWithDebInfo */ = {
			isa = XCBuildConfiguration;
			buildSettings = {
				ALWAYS_SEARCH_USER_PATHS = NO;
				ARCHS = arm64;
				COMBINE_HIDPI_IMAGES = YES;
				CONFIGURATION_BUILD_DIR = /Users/koffidanhounsrou/desktop/CS6010Project/cs1610game/xcode/RelWithDebInfo;
				EXECUTABLE_PREFIX = "";
				EXECUTABLE_SUFFIX = "";
				GCC_GENERATE_DEBUGGING_SYMBOLS = YES;
				GCC_INLINES_ARE_PRIVATE_EXTERN = NO;
				GCC_OPTIMIZATION_LEVEL = 2;
				GCC_PREPROCESSOR_DEFINITIONS = (
					"'CMAKE_INTDIR=\"$(CONFIGURATION)$(EFFECTIVE_PLATFORM_NAME)\"'",
					"$(inherited)",
				);
				GCC_SYMBOLS_PRIVATE_EXTERN = NO;
				INSTALL_PATH = "";
				LD_RUNPATH_SEARCH_PATHS = (
					/opt/homebrew/lib,
					"$(inherited)",
				);
				ONLY_ACTIVE_ARCH = NO;
				OTHER_CPLUSPLUSFLAGS = (
					"-DNDEBUG",
					"'-std=c++17'",
				);
				OTHER_LDFLAGS = (
					"-Wl,-search_paths_first",
					"-Wl,-headerpad_max_install_names",
					"/opt/homebrew/lib/libsfml-graphics.2.6.0.dylib",
					"/opt/homebrew/lib/libsfml-window.2.6.0.dylib",
					"/opt/homebrew/lib/libsfml-system.2.6.0.dylib",
					"$(inherited)",
				);
				OTHER_REZFLAGS = "";
				PRODUCT_NAME = carracing;
				SECTORDER_FLAGS = "";
				SYSTEM_HEADER_SEARCH_PATHS = (
					/opt/homebrew/include,
					"$(inherited)",
				);
				TARGET_TEMP_DIR = "/Users/koffidanhounsrou/desktop/CS6010Project/cs1610game/xcode/build/carracing.build/$(CONFIGURATION)$(EFFECTIVE_PLATFORM_NAME)";
				USE_HEADERMAP = NO;
				WARNING_CFLAGS = "$(inherited)";
			};
			name = RelWithDebInfo;
		};
		EBA6F0A90BD34FC2917164AC /* MinSizeRel */ = {
			isa = XCBuildConfiguration;
			buildSettings = {
				ALWAYS_SEARCH_USER_PATHS = NO;
				ARCHS = arm64;
				COMBINE_HIDPI_IMAGES = YES;
				GCC_GENERATE_DEBUGGING_SYMBOLS = YES;
				GCC_INLINES_ARE_PRIVATE_EXTERN = NO;
				GCC_OPTIMIZATION_LEVEL = 0;
				GCC_PREPROCESSOR_DEFINITIONS = (
					"'CMAKE_INTDIR=\"$(CONFIGURATION)$(EFFECTIVE_PLATFORM_NAME)\"'",
					"$(inherited)",
				);
				GCC_SYMBOLS_PRIVATE_EXTERN = NO;
				INSTALL_PATH = "";
				ONLY_ACTIVE_ARCH = NO;
				OTHER_LDFLAGS = " $(inherited)";
				OTHER_REZFLAGS = "";
				PRODUCT_NAME = ALL_BUILD;
				SECTORDER_FLAGS = "";
				USE_HEADERMAP = NO;
				WARNING_CFLAGS = "$(inherited)";
			};
			name = MinSizeRel;
		};
/* End XCBuildConfiguration section */

/* Begin XCConfigurationList section */
		2361B8637DBB4B22B2166D9A /* Build configuration list for PBXAggregateTarget "ZERO_CHECK" */ = {
			isa = XCConfigurationList;
			buildConfigurations = (
				686B1523C8DD447D8DAC7554 /* Debug */,
				C0A3163F73894705AC8D594F /* Release */,
				41989418D3A841E9BE1D17AB /* MinSizeRel */,
				B67156CE6924489E8798E74D /* RelWithDebInfo */,
			);
			defaultConfigurationIsVisible = 0;
			defaultConfigurationName = Debug;
		};
		4BB8626433994C24A6E7F64D /* Build configuration list for PBXProject "carracing" */ = {
			isa = XCConfigurationList;
			buildConfigurations = (
				8DB6DB718AB44AEF95E20394 /* Debug */,
				203FCDD644454AB3BEC0F44A /* Release */,
				CC19DB59B6424C18A97D0B3C /* MinSizeRel */,
				7D64E210F572466E9DBAE233 /* RelWithDebInfo */,
			);
			defaultConfigurationIsVisible = 0;
			defaultConfigurationName = Debug;
		};
		7F3D20B719F14A57A68741E6 /* Build configuration list for PBXAggregateTarget "ALL_BUILD" */ = {
			isa = XCConfigurationList;
			buildConfigurations = (
				E12F801DC5D04676A3319E4F /* Debug */,
				032F5D53A2FA4D7DA98C964A /* Release */,
				EBA6F0A90BD34FC2917164AC /* MinSizeRel */,
				2264D2637FE4425DA33B29F1 /* RelWithDebInfo */,
			);
			defaultConfigurationIsVisible = 0;
			defaultConfigurationName = Debug;
		};
		EFEA00D92A234787B5371DCD /* Build configuration list for PBXNativeTarget "carracing" */ = {
			isa = XCConfigurationList;
			buildConfigurations = (
				D03416D4670F4F9EA6B9ED51 /* Debug */,
				D6B1111A812B4D0587C9AF91 /* Release */,
				5CADD51250C0411481D0D305 /* MinSizeRel */,
				E907FE7F596942D4BB3AA948 /* RelWithDebInfo */,
			);
			defaultConfigurationIsVisible = 0;
			defaultConfigurationName = Debug;
		};
/* End XCConfigurationList section */
	};
	rootObject = 7BCAE764F89D4BB49733DF6F /* Project object */;
}
