// !$*UTF8*$!
{
	archiveVersion = 1;
	classes = {
	};
	objectVersion = 46;
	objects = {

/* Begin PBXAggregateTarget section */
		A366AB2F27FA4F3B9E886D00 /* ZERO_CHECK */ = {
			isa = PBXAggregateTarget;
			buildConfigurationList = 611D494BE0EC439C94238374 /* Build configuration list for PBXAggregateTarget "ZERO_CHECK" */;
			buildPhases = (
				73A36948E16BEFE14C1521E9 /* Generate CMakeFiles/ZERO_CHECK */,
			);
			dependencies = (
			);
			name = ZERO_CHECK;
			productName = ZERO_CHECK;
		};
		A8F6D955297F437894189391 /* ALL_BUILD */ = {
			isa = PBXAggregateTarget;
			buildConfigurationList = FDCF4543A575460E9693A079 /* Build configuration list for PBXAggregateTarget "ALL_BUILD" */;
			buildPhases = (
				792CBFA70785E54A1A33F9EA /* Generate CMakeFiles/ALL_BUILD */,
			);
			dependencies = (
				A79B0274225D453EA955748F /* PBXTargetDependency */,
				9F56630FCECA49418199A929 /* PBXTargetDependency */,
			);
			name = ALL_BUILD;
			productName = ALL_BUILD;
		};
/* End PBXAggregateTarget section */

/* Begin PBXBuildFile section */
		1F5348FE855D43E197E6551A /* /Users/zachallred/desktop/CS6010Project/cs1610game/src/PlayersCar.cpp */ = {isa = PBXBuildFile; fileRef = C62A045D838D459AA1D61520 /* /Users/zachallred/desktop/CS6010Project/cs1610game/src/PlayersCar.cpp */; };
		29D613089DBF45F2B3BE94C5 /* /Users/zachallred/desktop/CS6010Project/cs1610game/src/ComputerCar.cpp */ = {isa = PBXBuildFile; fileRef = 6D2D7FEB120544CE86CB0B68 /* /Users/zachallred/desktop/CS6010Project/cs1610game/src/ComputerCar.cpp */; };
		46C38BE5BD504399B738AC0B /* /Users/zachallred/desktop/CS6010Project/cs1610game/src/world.hpp */ = {isa = PBXBuildFile; fileRef = 5682D2B54B24408B90739B82 /* /Users/zachallred/desktop/CS6010Project/cs1610game/src/world.hpp */; };
		5DE22A1E36744C4F89156642 /* /Users/zachallred/desktop/CS6010Project/cs1610game/src/animals.cpp */ = {isa = PBXBuildFile; fileRef = 8D57CB702187477AB978E489 /* /Users/zachallred/desktop/CS6010Project/cs1610game/src/animals.cpp */; };
		5F1851761262482F9FA327D3 /* /Users/zachallred/desktop/CS6010Project/cs1610game/CMakeLists.txt */ = {isa = PBXBuildFile; fileRef = 53EA658CCC644E2CA8C13EF3 /* /Users/zachallred/desktop/CS6010Project/cs1610game/CMakeLists.txt */; };
		691074C032FF4AAA8CE5691C /* /Users/zachallred/desktop/CS6010Project/cs1610game/src/Potholes.hpp */ = {isa = PBXBuildFile; fileRef = 9D2F5C3512AB4E25AAFDF59C /* /Users/zachallred/desktop/CS6010Project/cs1610game/src/Potholes.hpp */; };
		6A636B946624482D83D5291E /* /Users/zachallred/desktop/CS6010Project/cs1610game/src/animals.hpp */ = {isa = PBXBuildFile; fileRef = A7AB95F241AA41DA960F606F /* /Users/zachallred/desktop/CS6010Project/cs1610game/src/animals.hpp */; };
		89F06455733B40C0986E0ED2 /* /Users/zachallred/desktop/CS6010Project/cs1610game/src/ComputerCar.hpp */ = {isa = PBXBuildFile; fileRef = CEC99A9957524EC3B8D63F61 /* /Users/zachallred/desktop/CS6010Project/cs1610game/src/ComputerCar.hpp */; };
		A178C979F0504B5EB75F4185 /* /Users/zachallred/desktop/CS6010Project/cs1610game/src/PlayersCar.hpp */ = {isa = PBXBuildFile; fileRef = CEC8620440D74832991F1CE1 /* /Users/zachallred/desktop/CS6010Project/cs1610game/src/PlayersCar.hpp */; };
		BC07AF46D6B34D55911E2FEB /* /Users/zachallred/desktop/CS6010Project/cs1610game/src/Potholes.cpp */ = {isa = PBXBuildFile; fileRef = 0718A4E118374CF080B6FACA /* /Users/zachallred/desktop/CS6010Project/cs1610game/src/Potholes.cpp */; };
		F0109F8FBAF243399705DFB8 /* /Users/zachallred/desktop/CS6010Project/cs1610game/src/cargame.cpp */ = {isa = PBXBuildFile; fileRef = 1BF96CBC5CF04EB5928D55A7 /* /Users/zachallred/desktop/CS6010Project/cs1610game/src/cargame.cpp */; };
		F48A1C6FECE84FF4894B2392 /* /Users/zachallred/desktop/CS6010Project/cs1610game/src/world.cpp */ = {isa = PBXBuildFile; fileRef = 55215BEBB57B4EC381E86CD9 /* /Users/zachallred/desktop/CS6010Project/cs1610game/src/world.cpp */; };
/* End PBXBuildFile section */

/* Begin PBXBuildStyle section */
		3B8ADA6EE672460DABB9FD1D /* MinSizeRel */ = {
			isa = PBXBuildStyle;
			buildSettings = {
				COPY_PHASE_STRIP = NO;
			};
			name = MinSizeRel;
		};
		A9BFF3E600D74BC8938C9C9D /* Debug */ = {
			isa = PBXBuildStyle;
			buildSettings = {
				COPY_PHASE_STRIP = NO;
			};
			name = Debug;
		};
		F16B413F96AF43F192B637DE /* RelWithDebInfo */ = {
			isa = PBXBuildStyle;
			buildSettings = {
				COPY_PHASE_STRIP = NO;
			};
			name = RelWithDebInfo;
		};
		FB0C10E04F6749CD8BAFBA07 /* Release */ = {
			isa = PBXBuildStyle;
			buildSettings = {
				COPY_PHASE_STRIP = NO;
			};
			name = Release;
		};
/* End PBXBuildStyle section */

/* Begin PBXContainerItemProxy section */
		5027C169A7FD416085BAC691 /* PBXContainerItemProxy */ = {
			isa = PBXContainerItemProxy;
			containerPortal = 14F10C09A1574AFEB78EB683 /* Project object */;
			proxyType = 1;
			remoteGlobalIDString = A366AB2F27FA4F3B9E886D00;
			remoteInfo = ZERO_CHECK;
		};
		62495C80C355437385C29D19 /* PBXContainerItemProxy */ = {
			isa = PBXContainerItemProxy;
			containerPortal = 14F10C09A1574AFEB78EB683 /* Project object */;
			proxyType = 1;
			remoteGlobalIDString = A366AB2F27FA4F3B9E886D00;
			remoteInfo = ZERO_CHECK;
		};
		A66B0BB547514D6F8508EB0F /* PBXContainerItemProxy */ = {
			isa = PBXContainerItemProxy;
			containerPortal = 14F10C09A1574AFEB78EB683 /* Project object */;
			proxyType = 1;
			remoteGlobalIDString = 0BB1C022746E4D80AB8ACBB8;
			remoteInfo = carracing;
		};
/* End PBXContainerItemProxy section */

/* Begin PBXFileReference section */
		0718A4E118374CF080B6FACA /* /Users/zachallred/desktop/CS6010Project/cs1610game/src/Potholes.cpp */ = {isa = PBXFileReference; explicitFileType = sourcecode.cpp.cpp; fileEncoding = 4; name = Potholes.cpp; path = src/Potholes.cpp; sourceTree = SOURCE_ROOT; };
		15D95177CAD542B8A8083343 /* /Users/zachallred/desktop/CS6010Project/cs1610game/CMakeLists.txt */ = {isa = PBXFileReference; explicitFileType = sourcecode.text; fileEncoding = 4; name = CMakeLists.txt; path = CMakeLists.txt; sourceTree = SOURCE_ROOT; };
		1BF96CBC5CF04EB5928D55A7 /* /Users/zachallred/desktop/CS6010Project/cs1610game/src/cargame.cpp */ = {isa = PBXFileReference; explicitFileType = sourcecode.cpp.cpp; fileEncoding = 4; name = cargame.cpp; path = src/cargame.cpp; sourceTree = SOURCE_ROOT; };
		2204E94E925B432FAB23608B /* carracing */ = {isa = PBXFileReference; explicitFileType = "compiled.mach-o.executable"; path = carracing; sourceTree = BUILT_PRODUCTS_DIR; };
		53EA658CCC644E2CA8C13EF3 /* /Users/zachallred/desktop/CS6010Project/cs1610game/CMakeLists.txt */ = {isa = PBXFileReference; explicitFileType = sourcecode.text; fileEncoding = 4; name = CMakeLists.txt; path = CMakeLists.txt; sourceTree = SOURCE_ROOT; };
		55215BEBB57B4EC381E86CD9 /* /Users/zachallred/desktop/CS6010Project/cs1610game/src/world.cpp */ = {isa = PBXFileReference; explicitFileType = sourcecode.cpp.cpp; fileEncoding = 4; name = world.cpp; path = src/world.cpp; sourceTree = SOURCE_ROOT; };
		5682D2B54B24408B90739B82 /* /Users/zachallred/desktop/CS6010Project/cs1610game/src/world.hpp */ = {isa = PBXFileReference; explicitFileType = sourcecode.cpp.h; fileEncoding = 4; name = world.hpp; path = src/world.hpp; sourceTree = SOURCE_ROOT; };
		6D2D7FEB120544CE86CB0B68 /* /Users/zachallred/desktop/CS6010Project/cs1610game/src/ComputerCar.cpp */ = {isa = PBXFileReference; explicitFileType = sourcecode.cpp.cpp; fileEncoding = 4; name = ComputerCar.cpp; path = src/ComputerCar.cpp; sourceTree = SOURCE_ROOT; };
		8D57CB702187477AB978E489 /* /Users/zachallred/desktop/CS6010Project/cs1610game/src/animals.cpp */ = {isa = PBXFileReference; explicitFileType = sourcecode.cpp.cpp; fileEncoding = 4; name = animals.cpp; path = src/animals.cpp; sourceTree = SOURCE_ROOT; };
		9D2F5C3512AB4E25AAFDF59C /* /Users/zachallred/desktop/CS6010Project/cs1610game/src/Potholes.hpp */ = {isa = PBXFileReference; explicitFileType = sourcecode.cpp.h; fileEncoding = 4; name = Potholes.hpp; path = src/Potholes.hpp; sourceTree = SOURCE_ROOT; };
		A7AB95F241AA41DA960F606F /* /Users/zachallred/desktop/CS6010Project/cs1610game/src/animals.hpp */ = {isa = PBXFileReference; explicitFileType = sourcecode.cpp.h; fileEncoding = 4; name = animals.hpp; path = src/animals.hpp; sourceTree = SOURCE_ROOT; };
		C62A045D838D459AA1D61520 /* /Users/zachallred/desktop/CS6010Project/cs1610game/src/PlayersCar.cpp */ = {isa = PBXFileReference; explicitFileType = sourcecode.cpp.cpp; fileEncoding = 4; name = PlayersCar.cpp; path = src/PlayersCar.cpp; sourceTree = SOURCE_ROOT; };
		CEC8620440D74832991F1CE1 /* /Users/zachallred/desktop/CS6010Project/cs1610game/src/PlayersCar.hpp */ = {isa = PBXFileReference; explicitFileType = sourcecode.cpp.h; fileEncoding = 4; name = PlayersCar.hpp; path = src/PlayersCar.hpp; sourceTree = SOURCE_ROOT; };
		CEC99A9957524EC3B8D63F61 /* /Users/zachallred/desktop/CS6010Project/cs1610game/src/ComputerCar.hpp */ = {isa = PBXFileReference; explicitFileType = sourcecode.cpp.h; fileEncoding = 4; name = ComputerCar.hpp; path = src/ComputerCar.hpp; sourceTree = SOURCE_ROOT; };
/* End PBXFileReference section */

/* Begin PBXFrameworksBuildPhase section */
		12A5A8D8995F41F988258F0D /* Frameworks */ = {
			isa = PBXFrameworksBuildPhase;
			buildActionMask = 2147483647;
			files = (
			);
			runOnlyForDeploymentPostprocessing = 0;
		};
/* End PBXFrameworksBuildPhase section */

/* Begin PBXGroup section */
		1EA81D75FCE24D9EB06300AF /* Products */ = {
			isa = PBXGroup;
			children = (
				2204E94E925B432FAB23608B /* carracing */,
			);
			name = Products;
			sourceTree = "<group>";
		};
		24A6F95F51134094A61EB24B /* Frameworks */ = {
			isa = PBXGroup;
			children = (
			);
			name = Frameworks;
			sourceTree = "<group>";
		};
		40677C7250024A368F65E482 /* carracing */ = {
			isa = PBXGroup;
			children = (
				E73510D46F7648C88EDDF30D /* Source Files */,
				526ED94E32914519895CE051 /* Header Files */,
				53EA658CCC644E2CA8C13EF3 /* /Users/zachallred/desktop/CS6010Project/cs1610game/CMakeLists.txt */,
			);
			name = carracing;
			sourceTree = "<group>";
		};
		526ED94E32914519895CE051 /* Header Files */ = {
			isa = PBXGroup;
			children = (
				CEC99A9957524EC3B8D63F61 /* /Users/zachallred/desktop/CS6010Project/cs1610game/src/ComputerCar.hpp */,
				CEC8620440D74832991F1CE1 /* /Users/zachallred/desktop/CS6010Project/cs1610game/src/PlayersCar.hpp */,
				9D2F5C3512AB4E25AAFDF59C /* /Users/zachallred/desktop/CS6010Project/cs1610game/src/Potholes.hpp */,
				A7AB95F241AA41DA960F606F /* /Users/zachallred/desktop/CS6010Project/cs1610game/src/animals.hpp */,
				5682D2B54B24408B90739B82 /* /Users/zachallred/desktop/CS6010Project/cs1610game/src/world.hpp */,
			);
			name = "Header Files";
			sourceTree = "<group>";
		};
		7F557D57658146018FDAE76E /* ALL_BUILD */ = {
			isa = PBXGroup;
			children = (
				9B3A3A7919CB47D5A72C8496 /* CMake Rules */,
				15D95177CAD542B8A8083343 /* /Users/zachallred/desktop/CS6010Project/cs1610game/CMakeLists.txt */,
			);
			name = ALL_BUILD;
			sourceTree = "<group>";
		};
		9B3A3A7919CB47D5A72C8496 /* CMake Rules */ = {
			isa = PBXGroup;
			children = (
			);
			name = "CMake Rules";
			sourceTree = "<group>";
		};
		E73510D46F7648C88EDDF30D /* Source Files */ = {
			isa = PBXGroup;
			children = (
				6D2D7FEB120544CE86CB0B68 /* /Users/zachallred/desktop/CS6010Project/cs1610game/src/ComputerCar.cpp */,
				C62A045D838D459AA1D61520 /* /Users/zachallred/desktop/CS6010Project/cs1610game/src/PlayersCar.cpp */,
				0718A4E118374CF080B6FACA /* /Users/zachallred/desktop/CS6010Project/cs1610game/src/Potholes.cpp */,
				8D57CB702187477AB978E489 /* /Users/zachallred/desktop/CS6010Project/cs1610game/src/animals.cpp */,
				1BF96CBC5CF04EB5928D55A7 /* /Users/zachallred/desktop/CS6010Project/cs1610game/src/cargame.cpp */,
				55215BEBB57B4EC381E86CD9 /* /Users/zachallred/desktop/CS6010Project/cs1610game/src/world.cpp */,
			);
			name = "Source Files";
			sourceTree = "<group>";
		};
		F0A08B7D01324277A7DDBEC9 = {
			isa = PBXGroup;
			children = (
				40677C7250024A368F65E482 /* carracing */,
				7F557D57658146018FDAE76E /* ALL_BUILD */,
				1EA81D75FCE24D9EB06300AF /* Products */,
				24A6F95F51134094A61EB24B /* Frameworks */,
			);
			sourceTree = "<group>";
		};
/* End PBXGroup section */

/* Begin PBXNativeTarget section */
		0BB1C022746E4D80AB8ACBB8 /* carracing */ = {
			isa = PBXNativeTarget;
			buildConfigurationList = 67D41BD0570F42D18787984B /* Build configuration list for PBXNativeTarget "carracing" */;
			buildPhases = (
				EBE2FA5F3200447CB499FDE9 /* Sources */,
				12A5A8D8995F41F988258F0D /* Frameworks */,
			);
			buildRules = (
			);
			dependencies = (
				30D67C3174D6430CB81D676A /* PBXTargetDependency */,
			);
			name = carracing;
			productName = carracing;
			productReference = 2204E94E925B432FAB23608B /* carracing */;
			productType = "com.apple.product-type.tool";
		};
/* End PBXNativeTarget section */

/* Begin PBXProject section */
		14F10C09A1574AFEB78EB683 /* Project object */ = {
			isa = PBXProject;
			attributes = {
				BuildIndependentTargetsInParallel = YES;
				LastUpgradeCheck = 1430;
			};
			buildConfigurationList = 17778146AEA84FC69DE3138B /* Build configuration list for PBXProject "carracing" */;
			buildSettings = {
			};
			buildStyles = (
				A9BFF3E600D74BC8938C9C9D /* Debug */,
				FB0C10E04F6749CD8BAFBA07 /* Release */,
				3B8ADA6EE672460DABB9FD1D /* MinSizeRel */,
				F16B413F96AF43F192B637DE /* RelWithDebInfo */,
			);
			compatibilityVersion = "Xcode 3.2";
			hasScannedForEncodings = 0;
			mainGroup = F0A08B7D01324277A7DDBEC9;
			projectDirPath = /Users/zachallred/desktop/CS6010Project/cs1610game;
			projectRoot = "";
			targets = (
				A8F6D955297F437894189391 /* ALL_BUILD */,
				A366AB2F27FA4F3B9E886D00 /* ZERO_CHECK */,
				0BB1C022746E4D80AB8ACBB8 /* carracing */,
			);
		};
/* End PBXProject section */

/* Begin PBXShellScriptBuildPhase section */
		3C0110FC8322DE7E50886E21 = {
			isa = PBXShellScriptBuildPhase;
			buildActionMask = 2147483647;
			files = (
			);
			inputPaths = (
			);
			outputPaths = (
			);
			runOnlyForDeploymentPostprocessing = 0;
			shellPath = /bin/sh;
			shellScript = "# shell script goes here
exit 0";
			showEnvVarsInLog = 0;
		};
		73A36948E16BEFE14C1521E9 /* Generate CMakeFiles/ZERO_CHECK */ = {
			isa = PBXShellScriptBuildPhase;
			alwaysOutOfDate = 1;
			buildActionMask = 2147483647;
			files = (
			);
			inputPaths = (
			);
			name = "Generate CMakeFiles/ZERO_CHECK";
			outputPaths = (
/Users/zachallred/desktop/CS6010Project/cs1610game/xcode/CMakeFiles/ZERO_CHECK			);
			runOnlyForDeploymentPostprocessing = 0;
			shellPath = /bin/sh;
			shellScript = "set -e
if test \"$CONFIGURATION\" = \"Debug\"; then :
  cd /Users/zachallred/desktop/CS6010Project/cs1610game/xcode
  make -f /Users/zachallred/desktop/CS6010Project/cs1610game/xcode/CMakeScripts/ReRunCMake.make
fi
if test \"$CONFIGURATION\" = \"Release\"; then :
  cd /Users/zachallred/desktop/CS6010Project/cs1610game/xcode
  make -f /Users/zachallred/desktop/CS6010Project/cs1610game/xcode/CMakeScripts/ReRunCMake.make
fi
if test \"$CONFIGURATION\" = \"MinSizeRel\"; then :
  cd /Users/zachallred/desktop/CS6010Project/cs1610game/xcode
  make -f /Users/zachallred/desktop/CS6010Project/cs1610game/xcode/CMakeScripts/ReRunCMake.make
fi
if test \"$CONFIGURATION\" = \"RelWithDebInfo\"; then :
  cd /Users/zachallred/desktop/CS6010Project/cs1610game/xcode
  make -f /Users/zachallred/desktop/CS6010Project/cs1610game/xcode/CMakeScripts/ReRunCMake.make
fi
";
			showEnvVarsInLog = 0;
		};
		792CBFA70785E54A1A33F9EA /* Generate CMakeFiles/ALL_BUILD */ = {
			isa = PBXShellScriptBuildPhase;
			alwaysOutOfDate = 1;
			buildActionMask = 2147483647;
			files = (
			);
			inputPaths = (
			);
			name = "Generate CMakeFiles/ALL_BUILD";
			outputPaths = (
/Users/zachallred/desktop/CS6010Project/cs1610game/xcode/CMakeFiles/ALL_BUILD			);
			runOnlyForDeploymentPostprocessing = 0;
			shellPath = /bin/sh;
			shellScript = "set -e
if test \"$CONFIGURATION\" = \"Debug\"; then :
  cd /Users/zachallred/desktop/CS6010Project/cs1610game/xcode
  echo Build\\ all\\ projects
fi
if test \"$CONFIGURATION\" = \"Release\"; then :
  cd /Users/zachallred/desktop/CS6010Project/cs1610game/xcode
  echo Build\\ all\\ projects
fi
if test \"$CONFIGURATION\" = \"MinSizeRel\"; then :
  cd /Users/zachallred/desktop/CS6010Project/cs1610game/xcode
  echo Build\\ all\\ projects
fi
if test \"$CONFIGURATION\" = \"RelWithDebInfo\"; then :
  cd /Users/zachallred/desktop/CS6010Project/cs1610game/xcode
  echo Build\\ all\\ projects
fi
";
			showEnvVarsInLog = 0;
		};
		9B50530E35CC49C82C2FACCF = {
			isa = PBXShellScriptBuildPhase;
			buildActionMask = 2147483647;
			files = (
			);
			inputPaths = (
			);
			outputPaths = (
			);
			runOnlyForDeploymentPostprocessing = 0;
			shellPath = /bin/sh;
			shellScript = "# shell script goes here
exit 0";
			showEnvVarsInLog = 0;
		};
/* End PBXShellScriptBuildPhase section */

/* Begin PBXSourcesBuildPhase section */
		EBE2FA5F3200447CB499FDE9 /* Sources */ = {
			isa = PBXSourcesBuildPhase;
			buildActionMask = 2147483647;
			files = (
				29D613089DBF45F2B3BE94C5 /* /Users/zachallred/desktop/CS6010Project/cs1610game/src/ComputerCar.cpp */,
				1F5348FE855D43E197E6551A /* /Users/zachallred/desktop/CS6010Project/cs1610game/src/PlayersCar.cpp */,
				BC07AF46D6B34D55911E2FEB /* /Users/zachallred/desktop/CS6010Project/cs1610game/src/Potholes.cpp */,
				5DE22A1E36744C4F89156642 /* /Users/zachallred/desktop/CS6010Project/cs1610game/src/animals.cpp */,
				F0109F8FBAF243399705DFB8 /* /Users/zachallred/desktop/CS6010Project/cs1610game/src/cargame.cpp */,
				F48A1C6FECE84FF4894B2392 /* /Users/zachallred/desktop/CS6010Project/cs1610game/src/world.cpp */,
			);
			runOnlyForDeploymentPostprocessing = 0;
		};
/* End PBXSourcesBuildPhase section */

/* Begin PBXTargetDependency section */
		30D67C3174D6430CB81D676A /* PBXTargetDependency */ = {
			isa = PBXTargetDependency;
			target = A366AB2F27FA4F3B9E886D00 /* ZERO_CHECK */;
			targetProxy = 62495C80C355437385C29D19 /* PBXContainerItemProxy */;
		};
		9F56630FCECA49418199A929 /* PBXTargetDependency */ = {
			isa = PBXTargetDependency;
			target = A366AB2F27FA4F3B9E886D00 /* ZERO_CHECK */;
			targetProxy = 5027C169A7FD416085BAC691 /* PBXContainerItemProxy */;
		};
		A79B0274225D453EA955748F /* PBXTargetDependency */ = {
			isa = PBXTargetDependency;
			target = 0BB1C022746E4D80AB8ACBB8 /* carracing */;
			targetProxy = A66B0BB547514D6F8508EB0F /* PBXContainerItemProxy */;
		};
/* End PBXTargetDependency section */

/* Begin XCBuildConfiguration section */
		02C006F738644C5A96FB66A2 /* RelWithDebInfo */ = {
			isa = XCBuildConfiguration;
			buildSettings = {
				ARCHS = arm64;
				SDKROOT = /Applications/Xcode.app/Contents/Developer/Platforms/MacOSX.platform/Developer/SDKs/MacOSX13.3.sdk;
				SWIFT_COMPILATION_MODE = wholemodule;
				SYMROOT = /Users/zachallred/desktop/CS6010Project/cs1610game/xcode/build;
			};
			name = RelWithDebInfo;
		};
		04D26266865547279A9F41E5 /* MinSizeRel */ = {
			isa = XCBuildConfiguration;
			buildSettings = {
				ALWAYS_SEARCH_USER_PATHS = NO;
				ARCHS = arm64;
				COMBINE_HIDPI_IMAGES = YES;
				GCC_GENERATE_DEBUGGING_SYMBOLS = YES;
				GCC_INLINES_ARE_PRIVATE_EXTERN = NO;
				GCC_OPTIMIZATION_LEVEL = 0;
				GCC_PREPROCESSOR_DEFINITIONS = ("'CMAKE_INTDIR=\"$(CONFIGURATION)$(EFFECTIVE_PLATFORM_NAME)\"'","$(inherited)");
				GCC_SYMBOLS_PRIVATE_EXTERN = NO;
				INSTALL_PATH = "";
				ONLY_ACTIVE_ARCH = NO;
				OTHER_LDFLAGS = ("","$(inherited)");
				OTHER_REZFLAGS = "";
				PRODUCT_NAME = ZERO_CHECK;
				SECTORDER_FLAGS = "";
				USE_HEADERMAP = NO;
				WARNING_CFLAGS = ("$(inherited)");
			};
			name = MinSizeRel;
		};
		102FAF9873C5425DB7C7B3A1 /* Debug */ = {
			isa = XCBuildConfiguration;
			buildSettings = {
				ALWAYS_SEARCH_USER_PATHS = NO;
				ARCHS = arm64;
				COMBINE_HIDPI_IMAGES = YES;
				GCC_GENERATE_DEBUGGING_SYMBOLS = YES;
				GCC_INLINES_ARE_PRIVATE_EXTERN = NO;
				GCC_OPTIMIZATION_LEVEL = 0;
				GCC_PREPROCESSOR_DEFINITIONS = ("'CMAKE_INTDIR=\"$(CONFIGURATION)$(EFFECTIVE_PLATFORM_NAME)\"'","$(inherited)");
				GCC_SYMBOLS_PRIVATE_EXTERN = NO;
				INSTALL_PATH = "";
				ONLY_ACTIVE_ARCH = NO;
				OTHER_LDFLAGS = ("","$(inherited)");
				OTHER_REZFLAGS = "";
				PRODUCT_NAME = ZERO_CHECK;
				SECTORDER_FLAGS = "";
				USE_HEADERMAP = NO;
				WARNING_CFLAGS = ("$(inherited)");
			};
			name = Debug;
		};
		138F2487322447529F761C92 /* MinSizeRel */ = {
			isa = XCBuildConfiguration;
			buildSettings = {
				ARCHS = arm64;
				SDKROOT = /Applications/Xcode.app/Contents/Developer/Platforms/MacOSX.platform/Developer/SDKs/MacOSX13.3.sdk;
				SWIFT_COMPILATION_MODE = wholemodule;
				SYMROOT = /Users/zachallred/desktop/CS6010Project/cs1610game/xcode/build;
			};
			name = MinSizeRel;
		};
		25AE339D6CE4469E9530D625 /* RelWithDebInfo */ = {
			isa = XCBuildConfiguration;
			buildSettings = {
				ALWAYS_SEARCH_USER_PATHS = NO;
				ARCHS = arm64;
				COMBINE_HIDPI_IMAGES = YES;
				GCC_GENERATE_DEBUGGING_SYMBOLS = YES;
				GCC_INLINES_ARE_PRIVATE_EXTERN = NO;
				GCC_OPTIMIZATION_LEVEL = 0;
				GCC_PREPROCESSOR_DEFINITIONS = ("'CMAKE_INTDIR=\"$(CONFIGURATION)$(EFFECTIVE_PLATFORM_NAME)\"'","$(inherited)");
				GCC_SYMBOLS_PRIVATE_EXTERN = NO;
				INSTALL_PATH = "";
				ONLY_ACTIVE_ARCH = NO;
				OTHER_LDFLAGS = ("","$(inherited)");
				OTHER_REZFLAGS = "";
				PRODUCT_NAME = ALL_BUILD;
				SECTORDER_FLAGS = "";
				USE_HEADERMAP = NO;
				WARNING_CFLAGS = ("$(inherited)");
			};
			name = RelWithDebInfo;
		};
		31C214EBA21B457BAB39D79E /* Debug */ = {
			isa = XCBuildConfiguration;
			buildSettings = {
				ARCHS = arm64;
				SDKROOT = /Applications/Xcode.app/Contents/Developer/Platforms/MacOSX.platform/Developer/SDKs/MacOSX13.3.sdk;
				SYMROOT = /Users/zachallred/desktop/CS6010Project/cs1610game/xcode/build;
			};
			name = Debug;
		};
		37D7B3EF5ED84102AEC7ED59 /* Release */ = {
			isa = XCBuildConfiguration;
			buildSettings = {
				ALWAYS_SEARCH_USER_PATHS = NO;
				ARCHS = arm64;
				COMBINE_HIDPI_IMAGES = YES;
				GCC_GENERATE_DEBUGGING_SYMBOLS = YES;
				GCC_INLINES_ARE_PRIVATE_EXTERN = NO;
				GCC_OPTIMIZATION_LEVEL = 0;
				GCC_PREPROCESSOR_DEFINITIONS = ("'CMAKE_INTDIR=\"$(CONFIGURATION)$(EFFECTIVE_PLATFORM_NAME)\"'","$(inherited)");
				GCC_SYMBOLS_PRIVATE_EXTERN = NO;
				INSTALL_PATH = "";
				ONLY_ACTIVE_ARCH = NO;
				OTHER_LDFLAGS = ("","$(inherited)");
				OTHER_REZFLAGS = "";
				PRODUCT_NAME = ZERO_CHECK;
				SECTORDER_FLAGS = "";
				USE_HEADERMAP = NO;
				WARNING_CFLAGS = ("$(inherited)");
			};
			name = Release;
		};
		456DC9D10CBF433BA045AFAB /* Release */ = {
			isa = XCBuildConfiguration;
			buildSettings = {
				ARCHS = arm64;
				SDKROOT = /Applications/Xcode.app/Contents/Developer/Platforms/MacOSX.platform/Developer/SDKs/MacOSX13.3.sdk;
				SWIFT_COMPILATION_MODE = wholemodule;
				SYMROOT = /Users/zachallred/desktop/CS6010Project/cs1610game/xcode/build;
			};
			name = Release;
		};
		49B29DE13DBB4D2496878FE7 /* Release */ = {
			isa = XCBuildConfiguration;
			buildSettings = {
				ALWAYS_SEARCH_USER_PATHS = NO;
				ARCHS = arm64;
				COMBINE_HIDPI_IMAGES = YES;
				CONFIGURATION_BUILD_DIR = /Users/zachallred/desktop/CS6010Project/cs1610game/xcode/Release;
				EXECUTABLE_PREFIX = "";
				EXECUTABLE_SUFFIX = "";
				GCC_GENERATE_DEBUGGING_SYMBOLS = NO;
				GCC_INLINES_ARE_PRIVATE_EXTERN = NO;
				GCC_OPTIMIZATION_LEVEL = 3;
				GCC_PREPROCESSOR_DEFINITIONS = ("'CMAKE_INTDIR=\"$(CONFIGURATION)$(EFFECTIVE_PLATFORM_NAME)\"'","$(inherited)");
				GCC_SYMBOLS_PRIVATE_EXTERN = NO;
				INSTALL_PATH = "";
				LD_RUNPATH_SEARCH_PATHS = (/opt/homebrew/lib,"$(inherited)");
				ONLY_ACTIVE_ARCH = NO;
				OTHER_CPLUSPLUSFLAGS = "    -DNDEBUG '-std=c++17' ";
				OTHER_LDFLAGS = (" -Wl,-search_paths_first -Wl,-headerpad_max_install_names","/opt/homebrew/lib/libsfml-graphics.2.6.0.dylib","/opt/homebrew/lib/libsfml-window.2.6.0.dylib","/opt/homebrew/lib/libsfml-system.2.6.0.dylib","$(inherited)");
				OTHER_REZFLAGS = "";
				PRODUCT_NAME = carracing;
				SECTORDER_FLAGS = "";
				SYSTEM_HEADER_SEARCH_PATHS = (/opt/homebrew/include,"$(inherited)");
				TARGET_TEMP_DIR = "/Users/zachallred/desktop/CS6010Project/cs1610game/xcode/build/carracing.build/$(CONFIGURATION)$(EFFECTIVE_PLATFORM_NAME)";
				USE_HEADERMAP = NO;
				WARNING_CFLAGS = ("$(inherited)");
			};
			name = Release;
		};
		4A514E195666483A80D3DA84 /* MinSizeRel */ = {
			isa = XCBuildConfiguration;
			buildSettings = {
				ALWAYS_SEARCH_USER_PATHS = NO;
				ARCHS = arm64;
				COMBINE_HIDPI_IMAGES = YES;
				CONFIGURATION_BUILD_DIR = /Users/zachallred/desktop/CS6010Project/cs1610game/xcode/MinSizeRel;
				EXECUTABLE_PREFIX = "";
				EXECUTABLE_SUFFIX = "";
				GCC_GENERATE_DEBUGGING_SYMBOLS = NO;
				GCC_INLINES_ARE_PRIVATE_EXTERN = NO;
				GCC_OPTIMIZATION_LEVEL = s;
				GCC_PREPROCESSOR_DEFINITIONS = ("'CMAKE_INTDIR=\"$(CONFIGURATION)$(EFFECTIVE_PLATFORM_NAME)\"'","$(inherited)");
				GCC_SYMBOLS_PRIVATE_EXTERN = NO;
				INSTALL_PATH = "";
				LD_RUNPATH_SEARCH_PATHS = (/opt/homebrew/lib,"$(inherited)");
				ONLY_ACTIVE_ARCH = NO;
				OTHER_CPLUSPLUSFLAGS = "    -DNDEBUG '-std=c++17' ";
				OTHER_LDFLAGS = (" -Wl,-search_paths_first -Wl,-headerpad_max_install_names","/opt/homebrew/lib/libsfml-graphics.2.6.0.dylib","/opt/homebrew/lib/libsfml-window.2.6.0.dylib","/opt/homebrew/lib/libsfml-system.2.6.0.dylib","$(inherited)");
				OTHER_REZFLAGS = "";
				PRODUCT_NAME = carracing;
				SECTORDER_FLAGS = "";
				SYSTEM_HEADER_SEARCH_PATHS = (/opt/homebrew/include,"$(inherited)");
				TARGET_TEMP_DIR = "/Users/zachallred/desktop/CS6010Project/cs1610game/xcode/build/carracing.build/$(CONFIGURATION)$(EFFECTIVE_PLATFORM_NAME)";
				USE_HEADERMAP = NO;
				WARNING_CFLAGS = ("$(inherited)");
			};
			name = MinSizeRel;
		};
		520141954BC54FDDB1570943 /* Debug */ = {
			isa = XCBuildConfiguration;
			buildSettings = {
				ALWAYS_SEARCH_USER_PATHS = NO;
				ARCHS = arm64;
				COMBINE_HIDPI_IMAGES = YES;
				GCC_GENERATE_DEBUGGING_SYMBOLS = YES;
				GCC_INLINES_ARE_PRIVATE_EXTERN = NO;
				GCC_OPTIMIZATION_LEVEL = 0;
				GCC_PREPROCESSOR_DEFINITIONS = ("'CMAKE_INTDIR=\"$(CONFIGURATION)$(EFFECTIVE_PLATFORM_NAME)\"'","$(inherited)");
				GCC_SYMBOLS_PRIVATE_EXTERN = NO;
				INSTALL_PATH = "";
				ONLY_ACTIVE_ARCH = NO;
				OTHER_LDFLAGS = ("","$(inherited)");
				OTHER_REZFLAGS = "";
				PRODUCT_NAME = ALL_BUILD;
				SECTORDER_FLAGS = "";
				USE_HEADERMAP = NO;
				WARNING_CFLAGS = ("$(inherited)");
			};
			name = Debug;
		};
		71212B3207514970AAF81440 /* RelWithDebInfo */ = {
			isa = XCBuildConfiguration;
			buildSettings = {
				ALWAYS_SEARCH_USER_PATHS = NO;
				ARCHS = arm64;
				COMBINE_HIDPI_IMAGES = YES;
				GCC_GENERATE_DEBUGGING_SYMBOLS = YES;
				GCC_INLINES_ARE_PRIVATE_EXTERN = NO;
				GCC_OPTIMIZATION_LEVEL = 0;
				GCC_PREPROCESSOR_DEFINITIONS = ("'CMAKE_INTDIR=\"$(CONFIGURATION)$(EFFECTIVE_PLATFORM_NAME)\"'","$(inherited)");
				GCC_SYMBOLS_PRIVATE_EXTERN = NO;
				INSTALL_PATH = "";
				ONLY_ACTIVE_ARCH = NO;
				OTHER_LDFLAGS = ("","$(inherited)");
				OTHER_REZFLAGS = "";
				PRODUCT_NAME = ZERO_CHECK;
				SECTORDER_FLAGS = "";
				USE_HEADERMAP = NO;
				WARNING_CFLAGS = ("$(inherited)");
			};
			name = RelWithDebInfo;
		};
		9C69D5A36BC040919D4EC1D8 /* Release */ = {
			isa = XCBuildConfiguration;
			buildSettings = {
				ALWAYS_SEARCH_USER_PATHS = NO;
				ARCHS = arm64;
				COMBINE_HIDPI_IMAGES = YES;
				GCC_GENERATE_DEBUGGING_SYMBOLS = YES;
				GCC_INLINES_ARE_PRIVATE_EXTERN = NO;
				GCC_OPTIMIZATION_LEVEL = 0;
				GCC_PREPROCESSOR_DEFINITIONS = ("'CMAKE_INTDIR=\"$(CONFIGURATION)$(EFFECTIVE_PLATFORM_NAME)\"'","$(inherited)");
				GCC_SYMBOLS_PRIVATE_EXTERN = NO;
				INSTALL_PATH = "";
				ONLY_ACTIVE_ARCH = NO;
				OTHER_LDFLAGS = ("","$(inherited)");
				OTHER_REZFLAGS = "";
				PRODUCT_NAME = ALL_BUILD;
				SECTORDER_FLAGS = "";
				USE_HEADERMAP = NO;
				WARNING_CFLAGS = ("$(inherited)");
			};
			name = Release;
		};
		CAA421A986B34A1086ECA6D1 /* RelWithDebInfo */ = {
			isa = XCBuildConfiguration;
			buildSettings = {
				ALWAYS_SEARCH_USER_PATHS = NO;
				ARCHS = arm64;
				COMBINE_HIDPI_IMAGES = YES;
				CONFIGURATION_BUILD_DIR = /Users/zachallred/desktop/CS6010Project/cs1610game/xcode/RelWithDebInfo;
				EXECUTABLE_PREFIX = "";
				EXECUTABLE_SUFFIX = "";
				GCC_GENERATE_DEBUGGING_SYMBOLS = YES;
				GCC_INLINES_ARE_PRIVATE_EXTERN = NO;
				GCC_OPTIMIZATION_LEVEL = 2;
				GCC_PREPROCESSOR_DEFINITIONS = ("'CMAKE_INTDIR=\"$(CONFIGURATION)$(EFFECTIVE_PLATFORM_NAME)\"'","$(inherited)");
				GCC_SYMBOLS_PRIVATE_EXTERN = NO;
				INSTALL_PATH = "";
				LD_RUNPATH_SEARCH_PATHS = (/opt/homebrew/lib,"$(inherited)");
				ONLY_ACTIVE_ARCH = NO;
				OTHER_CPLUSPLUSFLAGS = "       -DNDEBUG '-std=c++17' ";
				OTHER_LDFLAGS = (" -Wl,-search_paths_first -Wl,-headerpad_max_install_names","/opt/homebrew/lib/libsfml-graphics.2.6.0.dylib","/opt/homebrew/lib/libsfml-window.2.6.0.dylib","/opt/homebrew/lib/libsfml-system.2.6.0.dylib","$(inherited)");
				OTHER_REZFLAGS = "";
				PRODUCT_NAME = carracing;
				SECTORDER_FLAGS = "";
				SYSTEM_HEADER_SEARCH_PATHS = (/opt/homebrew/include,"$(inherited)");
				TARGET_TEMP_DIR = "/Users/zachallred/desktop/CS6010Project/cs1610game/xcode/build/carracing.build/$(CONFIGURATION)$(EFFECTIVE_PLATFORM_NAME)";
				USE_HEADERMAP = NO;
				WARNING_CFLAGS = ("$(inherited)");
			};
			name = RelWithDebInfo;
		};
		D378A2FA4D2B4D358372A62D /* Debug */ = {
			isa = XCBuildConfiguration;
			buildSettings = {
				ALWAYS_SEARCH_USER_PATHS = NO;
				ARCHS = arm64;
				COMBINE_HIDPI_IMAGES = YES;
				CONFIGURATION_BUILD_DIR = /Users/zachallred/desktop/CS6010Project/cs1610game/xcode/Debug;
				EXECUTABLE_PREFIX = "";
				EXECUTABLE_SUFFIX = "";
				GCC_GENERATE_DEBUGGING_SYMBOLS = YES;
				GCC_INLINES_ARE_PRIVATE_EXTERN = NO;
				GCC_OPTIMIZATION_LEVEL = 0;
				GCC_PREPROCESSOR_DEFINITIONS = ("'CMAKE_INTDIR=\"$(CONFIGURATION)$(EFFECTIVE_PLATFORM_NAME)\"'","$(inherited)");
				GCC_SYMBOLS_PRIVATE_EXTERN = NO;
				INSTALL_PATH = "";
				LD_RUNPATH_SEARCH_PATHS = (/opt/homebrew/lib,"$(inherited)");
				ONLY_ACTIVE_ARCH = NO;
				OTHER_CPLUSPLUSFLAGS = "   '-std=c++17' ";
				OTHER_LDFLAGS = (" -Wl,-search_paths_first -Wl,-headerpad_max_install_names","/opt/homebrew/lib/libsfml-graphics.2.6.0.dylib","/opt/homebrew/lib/libsfml-window.2.6.0.dylib","/opt/homebrew/lib/libsfml-system.2.6.0.dylib","$(inherited)");
				OTHER_REZFLAGS = "";
				PRODUCT_NAME = carracing;
				SECTORDER_FLAGS = "";
				SYSTEM_HEADER_SEARCH_PATHS = (/opt/homebrew/include,"$(inherited)");
				TARGET_TEMP_DIR = "/Users/zachallred/desktop/CS6010Project/cs1610game/xcode/build/carracing.build/$(CONFIGURATION)$(EFFECTIVE_PLATFORM_NAME)";
				USE_HEADERMAP = NO;
				WARNING_CFLAGS = ("$(inherited)");
			};
			name = Debug;
		};
		F53B2760D445456DAED2098C /* MinSizeRel */ = {
			isa = XCBuildConfiguration;
			buildSettings = {
				ALWAYS_SEARCH_USER_PATHS = NO;
				ARCHS = arm64;
				COMBINE_HIDPI_IMAGES = YES;
				GCC_GENERATE_DEBUGGING_SYMBOLS = YES;
				GCC_INLINES_ARE_PRIVATE_EXTERN = NO;
				GCC_OPTIMIZATION_LEVEL = 0;
				GCC_PREPROCESSOR_DEFINITIONS = ("'CMAKE_INTDIR=\"$(CONFIGURATION)$(EFFECTIVE_PLATFORM_NAME)\"'","$(inherited)");
				GCC_SYMBOLS_PRIVATE_EXTERN = NO;
				INSTALL_PATH = "";
				ONLY_ACTIVE_ARCH = NO;
				OTHER_LDFLAGS = ("","$(inherited)");
				OTHER_REZFLAGS = "";
				PRODUCT_NAME = ALL_BUILD;
				SECTORDER_FLAGS = "";
				USE_HEADERMAP = NO;
				WARNING_CFLAGS = ("$(inherited)");
			};
			name = MinSizeRel;
		};
/* End XCBuildConfiguration section */

/* Begin XCConfigurationList section */
		17778146AEA84FC69DE3138B /* Build configuration list for PBXProject "carracing" */ = {
			isa = XCConfigurationList;
			buildConfigurations = (
				31C214EBA21B457BAB39D79E /* Debug */,
				456DC9D10CBF433BA045AFAB /* Release */,
				138F2487322447529F761C92 /* MinSizeRel */,
				02C006F738644C5A96FB66A2 /* RelWithDebInfo */,
			);
			defaultConfigurationIsVisible = 0;
			defaultConfigurationName = Debug;
		};
		611D494BE0EC439C94238374 /* Build configuration list for PBXAggregateTarget "ZERO_CHECK" */ = {
			isa = XCConfigurationList;
			buildConfigurations = (
				102FAF9873C5425DB7C7B3A1 /* Debug */,
				37D7B3EF5ED84102AEC7ED59 /* Release */,
				04D26266865547279A9F41E5 /* MinSizeRel */,
				71212B3207514970AAF81440 /* RelWithDebInfo */,
			);
			defaultConfigurationIsVisible = 0;
			defaultConfigurationName = Debug;
		};
		67D41BD0570F42D18787984B /* Build configuration list for PBXNativeTarget "carracing" */ = {
			isa = XCConfigurationList;
			buildConfigurations = (
				D378A2FA4D2B4D358372A62D /* Debug */,
				49B29DE13DBB4D2496878FE7 /* Release */,
				4A514E195666483A80D3DA84 /* MinSizeRel */,
				CAA421A986B34A1086ECA6D1 /* RelWithDebInfo */,
			);
			defaultConfigurationIsVisible = 0;
			defaultConfigurationName = Debug;
		};
		FDCF4543A575460E9693A079 /* Build configuration list for PBXAggregateTarget "ALL_BUILD" */ = {
			isa = XCConfigurationList;
			buildConfigurations = (
				520141954BC54FDDB1570943 /* Debug */,
				9C69D5A36BC040919D4EC1D8 /* Release */,
				F53B2760D445456DAED2098C /* MinSizeRel */,
				25AE339D6CE4469E9530D625 /* RelWithDebInfo */,
			);
			defaultConfigurationIsVisible = 0;
			defaultConfigurationName = Debug;
		};
/* End XCConfigurationList section */
	};
	rootObject = 14F10C09A1574AFEB78EB683 /* Project object */;
}
